// !$*UTF8*$!
{
	archiveVersion = 1;
	classes = {
	};
	objectVersion = 48;
	objects = {

/* Begin PBXBuildFile section */
		00D9F810F3D34B19947B9A1B /* iconEllipse.svg in Resources */ = {isa = PBXBuildFile; fileRef = 87D364088E5E42FB9BAFD2A3 /* iconEllipse.svg */; };
		00E356F31AD99517003FC87E /* goExploreAppTests.m in Sources */ = {isa = PBXBuildFile; fileRef = 00E356F21AD99517003FC87E /* goExploreAppTests.m */; };
		041C53F6B115483B903A172A /* iconBookmarkGray.svg in Resources */ = {isa = PBXBuildFile; fileRef = B40B33FF115A401D8C5162DD /* iconBookmarkGray.svg */; };
		05EAC74EB7D94A53B81F74D8 /* iconTravel.svg in Resources */ = {isa = PBXBuildFile; fileRef = B455CB0B8BB44A8F8A59D302 /* iconTravel.svg */; };
		06E0CD33AAA7405CB2404232 /* iconCalendarColor.svg in Resources */ = {isa = PBXBuildFile; fileRef = 9FF42E0C209645CEA3BE5C21 /* iconCalendarColor.svg */; };
		073ACBD73A2B9D7CF5B2386F /* libPods-goExploreAppTests.a in Frameworks */ = {isa = PBXBuildFile; fileRef = 0DD8F8023559E29FAAFB21C6 /* libPods-goExploreAppTests.a */; };
		0A8F5F79D05D4971B0E5694F /* separator.svg in Resources */ = {isa = PBXBuildFile; fileRef = 422FDC4F5ABD41328B74C09A /* separator.svg */; };
		111D36ACE19F49228BBE2A8A /* Poppins-Bold.ttf in Resources */ = {isa = PBXBuildFile; fileRef = 7CD51F5F04F444C7A276F02E /* Poppins-Bold.ttf */; };
		11BA56E01EEA4C06B6C83CE8 /* iconArColor.svg in Resources */ = {isa = PBXBuildFile; fileRef = F6154F96A7774C7780B632BE /* iconArColor.svg */; };
		135CC9724BF24604A3CB2829 /* Navigation.ttf in Resources */ = {isa = PBXBuildFile; fileRef = EBA55B16EA3045BDA20AA543 /* Navigation.ttf */; };
		13B07FBC1A68108700A75B9A /* AppDelegate.m in Sources */ = {isa = PBXBuildFile; fileRef = 13B07FB01A68108700A75B9A /* AppDelegate.m */; };
		13B07FBD1A68108700A75B9A /* LaunchScreen.xib in Resources */ = {isa = PBXBuildFile; fileRef = 13B07FB11A68108700A75B9A /* LaunchScreen.xib */; };
		13B07FBF1A68108700A75B9A /* Images.xcassets in Resources */ = {isa = PBXBuildFile; fileRef = 13B07FB51A68108700A75B9A /* Images.xcassets */; };
		13B07FC11A68108700A75B9A /* main.m in Sources */ = {isa = PBXBuildFile; fileRef = 13B07FB71A68108700A75B9A /* main.m */; };
		144F2DAC03A343DABC181D47 /* starBlack.svg in Resources */ = {isa = PBXBuildFile; fileRef = 0B74240F05EC4A96BDAF701D /* starBlack.svg */; };
		17607545B1FB489681E78D99 /* starFull.svg in Resources */ = {isa = PBXBuildFile; fileRef = B0C6D52D6E5845D7BB92CEBB /* starFull.svg */; };
		179A12C2F1CB48A39ABDC9B6 /* iconBookmarkColor.svg in Resources */ = {isa = PBXBuildFile; fileRef = FF14D44F0A4C4F6EAB80CC84 /* iconBookmarkColor.svg */; };
		23E6061C49824967A780CEEF /* 002.jpg in Resources */ = {isa = PBXBuildFile; fileRef = AE49FFBD356347698D573BE5 /* 002.jpg */; };
		2D02E4BC1E0B4A80006451C7 /* AppDelegate.m in Sources */ = {isa = PBXBuildFile; fileRef = 13B07FB01A68108700A75B9A /* AppDelegate.m */; };
		2D02E4BD1E0B4A84006451C7 /* Images.xcassets in Resources */ = {isa = PBXBuildFile; fileRef = 13B07FB51A68108700A75B9A /* Images.xcassets */; };
		2D02E4BF1E0B4AB3006451C7 /* main.m in Sources */ = {isa = PBXBuildFile; fileRef = 13B07FB71A68108700A75B9A /* main.m */; };
		2DCD954D1E0B4F2C00145EB5 /* goExploreAppTests.m in Sources */ = {isa = PBXBuildFile; fileRef = 00E356F21AD99517003FC87E /* goExploreAppTests.m */; };
		2FF6910475BF43BEA285816A /* iconAttractions.svg in Resources */ = {isa = PBXBuildFile; fileRef = AEEF5B00B1F6435FB347C644 /* iconAttractions.svg */; };
		396F8BCA618E47F9B2F47EB4 /* playIcon.svg in Resources */ = {isa = PBXBuildFile; fileRef = 2DB0E4D7B8E84EA9987A411E /* playIcon.svg */; };
		3E279C6A5BEA4F098E4D4F29 /* logo.svg in Resources */ = {isa = PBXBuildFile; fileRef = 40A6B3C5C52D48148E298035 /* logo.svg */; };
		4742A06FEBE6497BB0DF411A /* attractionIcon.png in Resources */ = {isa = PBXBuildFile; fileRef = 247FEA539F7A41BBB95AAF99 /* attractionIcon.png */; };
		4CF7BCA833EA42A8B24B5E75 /* emptyIcon.svg in Resources */ = {isa = PBXBuildFile; fileRef = 70FA68CD19454DFA8B6CEF28 /* emptyIcon.svg */; };
		503AAF51FDE24BBAA1BE0E15 /* 005.jpg in Resources */ = {isa = PBXBuildFile; fileRef = D48B56015D6D49B3A5CE4507 /* 005.jpg */; };
		517F2168ECEB442BBFA8C424 /* backIconMain.svg in Resources */ = {isa = PBXBuildFile; fileRef = 4F30EB4063BC422ABAC3A01D /* backIconMain.svg */; };
		5298B6AD98A84852999D0861 /* iconArGray.svg in Resources */ = {isa = PBXBuildFile; fileRef = E884B3F0C42642639BAC44F6 /* iconArGray.svg */; };
		5314A1C275790064C9604C15 /* libPods-goExploreApp-tvOS.a in Frameworks */ = {isa = PBXBuildFile; fileRef = 00A041AD7EFBBE682EF9137B /* libPods-goExploreApp-tvOS.a */; };
		596D78EE9F014E908C39C5FE /* 003.jpg in Resources */ = {isa = PBXBuildFile; fileRef = 8924232D8CA44590B8228952 /* 003.jpg */; };
		5BF2FD6F2333C0E3008861A6 /* libRNSimpleCompass.a in Frameworks */ = {isa = PBXBuildFile; fileRef = 5BF2FD232333B707008861A6 /* libRNSimpleCompass.a */; };
		64F2F32CA189447185156A94 /* searchIcon.svg in Resources */ = {isa = PBXBuildFile; fileRef = 69F47629506D4DE79B90DAF6 /* searchIcon.svg */; };
		65B0F9B1825A403CA9414550 /* iconMainGray.svg in Resources */ = {isa = PBXBuildFile; fileRef = B750BFB8ADC24AB7A57859E5 /* iconMainGray.svg */; };
		6B0A7F4949CB4606A8673C37 /* 008.jpg in Resources */ = {isa = PBXBuildFile; fileRef = 589E6E8538EB40DD9C593994 /* 008.jpg */; };
		70B1B349C3CA494F49AFB5C2 /* libPods-goExploreApp-tvOSTests.a in Frameworks */ = {isa = PBXBuildFile; fileRef = B41A44FA25FEDBF948D364E2 /* libPods-goExploreApp-tvOSTests.a */; };
		71CF99823CE445E6BCBE4438 /* logoFacebook.svg in Resources */ = {isa = PBXBuildFile; fileRef = 072A62E2392D43D8B54DFAB3 /* logoFacebook.svg */; };
		723F716EA21A4EB5ADDFD59A /* dropdownArrow.svg in Resources */ = {isa = PBXBuildFile; fileRef = C84E771FD03D4E4F9997BF81 /* dropdownArrow.svg */; };
		734319C7A9A04709BDE3C7A2 /* tabIndicator.svg in Resources */ = {isa = PBXBuildFile; fileRef = B9EAF8E674874B5A913020EA /* tabIndicator.svg */; };
		741801B89FB347B0AB01CD59 /* navigateIcon.svg in Resources */ = {isa = PBXBuildFile; fileRef = EEEF9D5523D24E04BE42874A /* navigateIcon.svg */; };
		808C6146B5A442C59DAD23F9 /* 006.jpg in Resources */ = {isa = PBXBuildFile; fileRef = 828840F918B2469C87431A84 /* 006.jpg */; };
		89EB4F07DDB13A8BC6DF6913 /* libPods-goExploreApp.a in Frameworks */ = {isa = PBXBuildFile; fileRef = 39CBB2BD7DB340A687E6F9D3 /* libPods-goExploreApp.a */; };
		8A85041B65A646F4AAF915C6 /* starEmpty.svg in Resources */ = {isa = PBXBuildFile; fileRef = B49B32B0C943492894595322 /* starEmpty.svg */; };
		914608CABD864F16B67F37E9 /* iconDining.svg in Resources */ = {isa = PBXBuildFile; fileRef = 02030B62AD4A4C1CA38B1C3E /* iconDining.svg */; };
		9529467AA5A844599BF33419 /* iconCalendarGray.svg in Resources */ = {isa = PBXBuildFile; fileRef = D923AF60CD604D50B9F25598 /* iconCalendarGray.svg */; };
		A8C48388016A44A0BD8373D0 /* iconHotPicks.svg in Resources */ = {isa = PBXBuildFile; fileRef = D0D1752D69BC4F3DAABF7EDF /* iconHotPicks.svg */; };
		A8C9D46DDD604DB1A497060E /* comingSoon.svg in Resources */ = {isa = PBXBuildFile; fileRef = 63FFAE92F72D45199B00C4C9 /* comingSoon.svg */; };
		AA29D51500774ECBA0C6C380 /* iconClose.svg in Resources */ = {isa = PBXBuildFile; fileRef = 108AEC9DFB3D470183FCB2A0 /* iconClose.svg */; };
		B3E3AA536160455CB4EA4AEB /* 001.jpg in Resources */ = {isa = PBXBuildFile; fileRef = 2ACF33730BB54BE8B5FF5F8E /* 001.jpg */; };
		B66ED8BD526342E4B9A871D6 /* iconShopping.svg in Resources */ = {isa = PBXBuildFile; fileRef = EF9E568EAA5D4534916439BB /* iconShopping.svg */; };
		BC0E7468967C4C2CBFA57B3A /* placeholder.jpg in Resources */ = {isa = PBXBuildFile; fileRef = 0C4575C67E6D45C9B1A2F23C /* placeholder.jpg */; };
		BC5EF5FBA2A94F2CB912B8AF /* iconNotifColor.svg in Resources */ = {isa = PBXBuildFile; fileRef = 661322975DBC4FD79F167696 /* iconNotifColor.svg */; };
		C986007070E741B9AF7A7ECC /* filterIcon.svg in Resources */ = {isa = PBXBuildFile; fileRef = 6384332CF0AB46929A830A2D /* filterIcon.svg */; };
		CFCA576ED2894974B3ADF310 /* backIconDrawer.svg in Resources */ = {isa = PBXBuildFile; fileRef = EC12256F537C47CDA1AA76DB /* backIconDrawer.svg */; };
		D40C5139B9444698A82A56EF /* iconHealth.svg in Resources */ = {isa = PBXBuildFile; fileRef = CD162AD62B5348A5AB49C634 /* iconHealth.svg */; };
		E40079545E264C0BB1E8BC4E /* iconMainColor.svg in Resources */ = {isa = PBXBuildFile; fileRef = 637A1DD6FFCC427CA56274A1 /* iconMainColor.svg */; };
		E610D498F9BA4451875FEC7B /* settingsIcon.svg in Resources */ = {isa = PBXBuildFile; fileRef = 7878B2C106D04A82991DCFCA /* settingsIcon.svg */; };
		E8984F5E83FD4A5C903032B2 /* Poppins-Regular.ttf in Resources */ = {isa = PBXBuildFile; fileRef = 306787F588DC474E9DC2FAED /* Poppins-Regular.ttf */; };
		ECB5B445B8344A258925D233 /* 007.jpg in Resources */ = {isa = PBXBuildFile; fileRef = 18DB55B44F204287AFBFD38C /* 007.jpg */; };
		F3D29C58F1A54113BEFC0FAF /* menuIcon.svg in Resources */ = {isa = PBXBuildFile; fileRef = F3A7FCD731B347CA8D5E5F73 /* menuIcon.svg */; };
		F5AD70A6CBB74CC3A2609F0A /* waves.svg in Resources */ = {isa = PBXBuildFile; fileRef = E979B54E01134AC6BF1BC6EA /* waves.svg */; };
		FAA5A5B39E5D41E58098061C /* closeIcon.svg in Resources */ = {isa = PBXBuildFile; fileRef = B79C1BB1DE564C738BD3D7CF /* closeIcon.svg */; };
		FAC0D91D661246B49E7B2240 /* iconCinema.svg in Resources */ = {isa = PBXBuildFile; fileRef = B85A5503CA494588AB3AA5CA /* iconCinema.svg */; };
		FE40282D33BC4F069F4483BD /* iconNotifGray.svg in Resources */ = {isa = PBXBuildFile; fileRef = 48199F44D0F84DB484D985A4 /* iconNotifGray.svg */; };
		FF59D8526658422D91B27A09 /* logoGoogle.svg in Resources */ = {isa = PBXBuildFile; fileRef = D856E892979E439FB6C6E603 /* logoGoogle.svg */; };
		FFE3FE00758448A2B225CF43 /* 004.jpg in Resources */ = {isa = PBXBuildFile; fileRef = EB81DD49B08D442B8DF861C2 /* 004.jpg */; };
/* End PBXBuildFile section */

/* Begin PBXContainerItemProxy section */
		00E356F41AD99517003FC87E /* PBXContainerItemProxy */ = {
			isa = PBXContainerItemProxy;
			containerPortal = 83CBB9F71A601CBA00E9B192 /* Project object */;
			proxyType = 1;
			remoteGlobalIDString = 13B07F861A680F5B00A75B9A;
			remoteInfo = goExploreApp;
		};
		2D02E4911E0B4A5D006451C7 /* PBXContainerItemProxy */ = {
			isa = PBXContainerItemProxy;
			containerPortal = 83CBB9F71A601CBA00E9B192 /* Project object */;
			proxyType = 1;
			remoteGlobalIDString = 2D02E47A1E0B4A5D006451C7;
			remoteInfo = "goExploreApp-tvOS";
		};
		5BF2FD222333B707008861A6 /* PBXContainerItemProxy */ = {
			isa = PBXContainerItemProxy;
			containerPortal = 4C5F4AB19456479A8EB3F817 /* RNSimpleCompass.xcodeproj */;
			proxyType = 2;
			remoteGlobalIDString = 134814201AA4EA6300B7C361;
			remoteInfo = RNSimpleCompass;
		};
		5BF2FD372333B7DB008861A6 /* PBXContainerItemProxy */ = {
			isa = PBXContainerItemProxy;
			containerPortal = 5BF2FD242333B7DA008861A6 /* React.xcodeproj */;
			proxyType = 2;
			remoteGlobalIDString = 83CBBA2E1A601D0E00E9B192;
			remoteInfo = React;
		};
		5BF2FD392333B7DB008861A6 /* PBXContainerItemProxy */ = {
			isa = PBXContainerItemProxy;
			containerPortal = 5BF2FD242333B7DA008861A6 /* React.xcodeproj */;
			proxyType = 2;
			remoteGlobalIDString = 2D2A28131D9B038B00D4039D;
			remoteInfo = "React-tvOS";
		};
		5BF2FD3B2333B7DB008861A6 /* PBXContainerItemProxy */ = {
			isa = PBXContainerItemProxy;
			containerPortal = 5BF2FD242333B7DA008861A6 /* React.xcodeproj */;
			proxyType = 2;
			remoteGlobalIDString = 3D3C059A1DE3340900C268FA;
			remoteInfo = yoga;
		};
		5BF2FD3D2333B7DB008861A6 /* PBXContainerItemProxy */ = {
			isa = PBXContainerItemProxy;
			containerPortal = 5BF2FD242333B7DA008861A6 /* React.xcodeproj */;
			proxyType = 2;
			remoteGlobalIDString = 3D3C06751DE3340C00C268FA;
			remoteInfo = "yoga-tvOS";
		};
		5BF2FD3F2333B7DB008861A6 /* PBXContainerItemProxy */ = {
			isa = PBXContainerItemProxy;
			containerPortal = 5BF2FD242333B7DA008861A6 /* React.xcodeproj */;
			proxyType = 2;
			remoteGlobalIDString = 3D3CD9251DE5FBEC00167DC4;
			remoteInfo = cxxreact;
		};
		5BF2FD412333B7DB008861A6 /* PBXContainerItemProxy */ = {
			isa = PBXContainerItemProxy;
			containerPortal = 5BF2FD242333B7DA008861A6 /* React.xcodeproj */;
			proxyType = 2;
			remoteGlobalIDString = 3D3CD9321DE5FBEE00167DC4;
			remoteInfo = "cxxreact-tvOS";
		};
		5BF2FD432333B7DB008861A6 /* PBXContainerItemProxy */ = {
			isa = PBXContainerItemProxy;
			containerPortal = 5BF2FD242333B7DA008861A6 /* React.xcodeproj */;
			proxyType = 2;
			remoteGlobalIDString = EBF21BDC1FC498900052F4D5;
			remoteInfo = jsinspector;
		};
		5BF2FD452333B7DB008861A6 /* PBXContainerItemProxy */ = {
			isa = PBXContainerItemProxy;
			containerPortal = 5BF2FD242333B7DA008861A6 /* React.xcodeproj */;
			proxyType = 2;
			remoteGlobalIDString = EBF21BFA1FC4989A0052F4D5;
			remoteInfo = "jsinspector-tvOS";
		};
		5BF2FD472333B7DB008861A6 /* PBXContainerItemProxy */ = {
			isa = PBXContainerItemProxy;
			containerPortal = 5BF2FD242333B7DA008861A6 /* React.xcodeproj */;
			proxyType = 2;
			remoteGlobalIDString = 139D7ECE1E25DB7D00323FB7;
			remoteInfo = "third-party";
		};
		5BF2FD492333B7DB008861A6 /* PBXContainerItemProxy */ = {
			isa = PBXContainerItemProxy;
			containerPortal = 5BF2FD242333B7DA008861A6 /* React.xcodeproj */;
			proxyType = 2;
			remoteGlobalIDString = 3D383D3C1EBD27B6005632C8;
			remoteInfo = "third-party-tvOS";
		};
		5BF2FD4B2333B7DB008861A6 /* PBXContainerItemProxy */ = {
			isa = PBXContainerItemProxy;
			containerPortal = 5BF2FD242333B7DA008861A6 /* React.xcodeproj */;
			proxyType = 2;
			remoteGlobalIDString = 139D7E881E25C6D100323FB7;
			remoteInfo = "double-conversion";
		};
		5BF2FD4D2333B7DB008861A6 /* PBXContainerItemProxy */ = {
			isa = PBXContainerItemProxy;
			containerPortal = 5BF2FD242333B7DA008861A6 /* React.xcodeproj */;
			proxyType = 2;
			remoteGlobalIDString = 3D383D621EBD27B9005632C8;
			remoteInfo = "double-conversion-tvOS";
		};
		5BF2FD4F2333B7DB008861A6 /* PBXContainerItemProxy */ = {
			isa = PBXContainerItemProxy;
			containerPortal = 5BF2FD242333B7DA008861A6 /* React.xcodeproj */;
			proxyType = 2;
			remoteGlobalIDString = EDEBC6D6214B3E7000DD5AC8;
			remoteInfo = jsi;
		};
		5BF2FD512333B7DB008861A6 /* PBXContainerItemProxy */ = {
			isa = PBXContainerItemProxy;
			containerPortal = 5BF2FD242333B7DA008861A6 /* React.xcodeproj */;
			proxyType = 2;
			remoteGlobalIDString = EDEBC73B214B45A300DD5AC8;
			remoteInfo = jsiexecutor;
		};
		5BF2FD532333B7DB008861A6 /* PBXContainerItemProxy */ = {
			isa = PBXContainerItemProxy;
			containerPortal = 5BF2FD242333B7DA008861A6 /* React.xcodeproj */;
			proxyType = 2;
			remoteGlobalIDString = ED296FB6214C9A0900B7C4FE;
			remoteInfo = "jsi-tvOS";
		};
		5BF2FD552333B7DB008861A6 /* PBXContainerItemProxy */ = {
			isa = PBXContainerItemProxy;
			containerPortal = 5BF2FD242333B7DA008861A6 /* React.xcodeproj */;
			proxyType = 2;
			remoteGlobalIDString = ED296FEE214C9CF800B7C4FE;
			remoteInfo = "jsiexecutor-tvOS";
		};
/* End PBXContainerItemProxy section */

/* Begin PBXCopyFilesBuildPhase section */
		08BA98C223759C3400088A3C /* Embed Frameworks */ = {
			isa = PBXCopyFilesBuildPhase;
			buildActionMask = 2147483647;
			dstPath = "";
			dstSubfolderSpec = 10;
			files = (
			);
			name = "Embed Frameworks";
			runOnlyForDeploymentPostprocessing = 0;
		};
/* End PBXCopyFilesBuildPhase section */

/* Begin PBXFileReference section */
		008F07F21AC5B25A0029DE68 /* main.jsbundle */ = {isa = PBXFileReference; fileEncoding = 4; lastKnownFileType = text; path = main.jsbundle; sourceTree = "<group>"; };
		00A041AD7EFBBE682EF9137B /* libPods-goExploreApp-tvOS.a */ = {isa = PBXFileReference; explicitFileType = archive.ar; includeInIndex = 0; path = "libPods-goExploreApp-tvOS.a"; sourceTree = BUILT_PRODUCTS_DIR; };
		00E356EE1AD99517003FC87E /* goExploreAppTests.xctest */ = {isa = PBXFileReference; explicitFileType = wrapper.cfbundle; includeInIndex = 0; path = goExploreAppTests.xctest; sourceTree = BUILT_PRODUCTS_DIR; };
		00E356F11AD99517003FC87E /* Info.plist */ = {isa = PBXFileReference; lastKnownFileType = text.plist.xml; path = Info.plist; sourceTree = "<group>"; };
		00E356F21AD99517003FC87E /* goExploreAppTests.m */ = {isa = PBXFileReference; lastKnownFileType = sourcecode.c.objc; path = goExploreAppTests.m; sourceTree = "<group>"; };
		02030B62AD4A4C1CA38B1C3E /* iconDining.svg */ = {isa = PBXFileReference; explicitFileType = undefined; fileEncoding = 9; includeInIndex = 0; lastKnownFileType = unknown; name = iconDining.svg; path = ../app/assets/categoriesIcons/iconDining.svg; sourceTree = "<group>"; };
		072A62E2392D43D8B54DFAB3 /* logoFacebook.svg */ = {isa = PBXFileReference; explicitFileType = undefined; fileEncoding = 9; includeInIndex = 0; lastKnownFileType = unknown; name = logoFacebook.svg; path = ../app/assets/logoFacebook.svg; sourceTree = "<group>"; };
		0826B802230DB6C9003C5327 /* libReact-Core.a */ = {isa = PBXFileReference; explicitFileType = archive.ar; path = "libReact-Core.a"; sourceTree = BUILT_PRODUCTS_DIR; };
		0B74240F05EC4A96BDAF701D /* starBlack.svg */ = {isa = PBXFileReference; explicitFileType = undefined; fileEncoding = 9; includeInIndex = 0; lastKnownFileType = unknown; name = starBlack.svg; path = ../app/assets/rating/starBlack.svg; sourceTree = "<group>"; };
		0C4575C67E6D45C9B1A2F23C /* placeholder.jpg */ = {isa = PBXFileReference; explicitFileType = undefined; fileEncoding = 9; includeInIndex = 0; lastKnownFileType = unknown; name = placeholder.jpg; path = ../app/assets/placeholder.jpg; sourceTree = "<group>"; };
		0DD8F8023559E29FAAFB21C6 /* libPods-goExploreAppTests.a */ = {isa = PBXFileReference; explicitFileType = archive.ar; includeInIndex = 0; path = "libPods-goExploreAppTests.a"; sourceTree = BUILT_PRODUCTS_DIR; };
		108AEC9DFB3D470183FCB2A0 /* iconClose.svg */ = {isa = PBXFileReference; explicitFileType = undefined; fileEncoding = 9; includeInIndex = 0; lastKnownFileType = unknown; name = iconClose.svg; path = ../app/assets/categoriesIcons/iconClose.svg; sourceTree = "<group>"; };
		13B07F961A680F5B00A75B9A /* GoExplore.app */ = {isa = PBXFileReference; explicitFileType = wrapper.application; includeInIndex = 0; path = GoExplore.app; sourceTree = BUILT_PRODUCTS_DIR; };
		13B07FAF1A68108700A75B9A /* AppDelegate.h */ = {isa = PBXFileReference; fileEncoding = 4; lastKnownFileType = sourcecode.c.h; name = AppDelegate.h; path = goExploreApp/AppDelegate.h; sourceTree = "<group>"; };
		13B07FB01A68108700A75B9A /* AppDelegate.m */ = {isa = PBXFileReference; fileEncoding = 4; lastKnownFileType = sourcecode.c.objc; name = AppDelegate.m; path = goExploreApp/AppDelegate.m; sourceTree = "<group>"; };
		13B07FB21A68108700A75B9A /* Base */ = {isa = PBXFileReference; lastKnownFileType = file.xib; name = Base; path = Base.lproj/LaunchScreen.xib; sourceTree = "<group>"; };
		13B07FB51A68108700A75B9A /* Images.xcassets */ = {isa = PBXFileReference; lastKnownFileType = folder.assetcatalog; name = Images.xcassets; path = goExploreApp/Images.xcassets; sourceTree = "<group>"; };
		13B07FB61A68108700A75B9A /* Info.plist */ = {isa = PBXFileReference; fileEncoding = 4; lastKnownFileType = text.plist.xml; name = Info.plist; path = goExploreApp/Info.plist; sourceTree = "<group>"; };
		13B07FB71A68108700A75B9A /* main.m */ = {isa = PBXFileReference; fileEncoding = 4; lastKnownFileType = sourcecode.c.objc; name = main.m; path = goExploreApp/main.m; sourceTree = "<group>"; };
		18DB55B44F204287AFBFD38C /* 007.jpg */ = {isa = PBXFileReference; explicitFileType = undefined; fileEncoding = 9; includeInIndex = 0; lastKnownFileType = unknown; name = 007.jpg; path = ../app/assets/onboarding/007.jpg; sourceTree = "<group>"; };
		247FEA539F7A41BBB95AAF99 /* attractionIcon.png */ = {isa = PBXFileReference; explicitFileType = undefined; fileEncoding = 9; includeInIndex = 0; lastKnownFileType = unknown; name = attractionIcon.png; path = ../app/assets/attractionIcon.png; sourceTree = "<group>"; };
		2ACF33730BB54BE8B5FF5F8E /* 001.jpg */ = {isa = PBXFileReference; explicitFileType = undefined; fileEncoding = 9; includeInIndex = 0; lastKnownFileType = unknown; name = 001.jpg; path = ../app/assets/onboarding/001.jpg; sourceTree = "<group>"; };
		2D02E47B1E0B4A5D006451C7 /* goExploreApp-tvOS.app */ = {isa = PBXFileReference; explicitFileType = wrapper.application; includeInIndex = 0; path = "goExploreApp-tvOS.app"; sourceTree = BUILT_PRODUCTS_DIR; };
		2D02E4901E0B4A5D006451C7 /* goExploreApp-tvOSTests.xctest */ = {isa = PBXFileReference; explicitFileType = wrapper.cfbundle; includeInIndex = 0; path = "goExploreApp-tvOSTests.xctest"; sourceTree = BUILT_PRODUCTS_DIR; };
		2DB0E4D7B8E84EA9987A411E /* playIcon.svg */ = {isa = PBXFileReference; explicitFileType = undefined; fileEncoding = 9; includeInIndex = 0; lastKnownFileType = unknown; name = playIcon.svg; path = ../app/assets/serviceIcons/playIcon.svg; sourceTree = "<group>"; };
		2DEBCD2E63BFF48DDCC6B33D /* Pods-goExploreApp-tvOSTests.debug.xcconfig */ = {isa = PBXFileReference; includeInIndex = 1; lastKnownFileType = text.xcconfig; name = "Pods-goExploreApp-tvOSTests.debug.xcconfig"; path = "Target Support Files/Pods-goExploreApp-tvOSTests/Pods-goExploreApp-tvOSTests.debug.xcconfig"; sourceTree = "<group>"; };
		306787F588DC474E9DC2FAED /* Poppins-Regular.ttf */ = {isa = PBXFileReference; explicitFileType = undefined; fileEncoding = 9; includeInIndex = 0; lastKnownFileType = unknown; name = "Poppins-Regular.ttf"; path = "../app/assets/fonts/Poppins-Regular.ttf"; sourceTree = "<group>"; };
		39CBB2BD7DB340A687E6F9D3 /* libPods-goExploreApp.a */ = {isa = PBXFileReference; explicitFileType = archive.ar; includeInIndex = 0; path = "libPods-goExploreApp.a"; sourceTree = BUILT_PRODUCTS_DIR; };
		40A6B3C5C52D48148E298035 /* logo.svg */ = {isa = PBXFileReference; explicitFileType = undefined; fileEncoding = 9; includeInIndex = 0; lastKnownFileType = unknown; name = logo.svg; path = ../app/assets/logo.svg; sourceTree = "<group>"; };
		422FDC4F5ABD41328B74C09A /* separator.svg */ = {isa = PBXFileReference; explicitFileType = undefined; fileEncoding = 9; includeInIndex = 0; lastKnownFileType = unknown; name = separator.svg; path = ../app/assets/serviceIcons/separator.svg; sourceTree = "<group>"; };
		4236A867A099BA12BEDA4D98 /* Pods-goExploreApp-tvOS.release.xcconfig */ = {isa = PBXFileReference; includeInIndex = 1; lastKnownFileType = text.xcconfig; name = "Pods-goExploreApp-tvOS.release.xcconfig"; path = "Target Support Files/Pods-goExploreApp-tvOS/Pods-goExploreApp-tvOS.release.xcconfig"; sourceTree = "<group>"; };
		48199F44D0F84DB484D985A4 /* iconNotifGray.svg */ = {isa = PBXFileReference; explicitFileType = undefined; fileEncoding = 9; includeInIndex = 0; lastKnownFileType = unknown; name = iconNotifGray.svg; path = ../app/assets/bottomIcons/iconNotifGray.svg; sourceTree = "<group>"; };
		4C5F4AB19456479A8EB3F817 /* RNSimpleCompass.xcodeproj */ = {isa = PBXFileReference; explicitFileType = undefined; fileEncoding = 9; includeInIndex = 0; lastKnownFileType = "wrapper.pb-project"; name = RNSimpleCompass.xcodeproj; path = "../node_modules/react-native-simple-compass/ios/RNSimpleCompass.xcodeproj"; sourceTree = "<group>"; };
		4F30EB4063BC422ABAC3A01D /* backIconMain.svg */ = {isa = PBXFileReference; explicitFileType = undefined; fileEncoding = 9; includeInIndex = 0; lastKnownFileType = unknown; name = backIconMain.svg; path = ../app/assets/serviceIcons/backIconMain.svg; sourceTree = "<group>"; };
		5022D9235E8F30D138473046 /* Pods-goExploreApp.release.xcconfig */ = {isa = PBXFileReference; includeInIndex = 1; lastKnownFileType = text.xcconfig; name = "Pods-goExploreApp.release.xcconfig"; path = "Target Support Files/Pods-goExploreApp/Pods-goExploreApp.release.xcconfig"; sourceTree = "<group>"; };
		536466685E68410783615A2E /* libRNSimpleCompass.a */ = {isa = PBXFileReference; explicitFileType = undefined; fileEncoding = 9; includeInIndex = 0; lastKnownFileType = archive.ar; path = libRNSimpleCompass.a; sourceTree = "<group>"; };
		589E6E8538EB40DD9C593994 /* 008.jpg */ = {isa = PBXFileReference; explicitFileType = undefined; fileEncoding = 9; includeInIndex = 0; lastKnownFileType = unknown; name = 008.jpg; path = ../app/assets/onboarding/008.jpg; sourceTree = "<group>"; };
		5BF2FD242333B7DA008861A6 /* React.xcodeproj */ = {isa = PBXFileReference; lastKnownFileType = "wrapper.pb-project"; name = React.xcodeproj; path = "../node_modules/react-native/React/React.xcodeproj"; sourceTree = "<group>"; };
		637A1DD6FFCC427CA56274A1 /* iconMainColor.svg */ = {isa = PBXFileReference; explicitFileType = undefined; fileEncoding = 9; includeInIndex = 0; lastKnownFileType = unknown; name = iconMainColor.svg; path = ../app/assets/bottomIcons/iconMainColor.svg; sourceTree = "<group>"; };
		6384332CF0AB46929A830A2D /* filterIcon.svg */ = {isa = PBXFileReference; explicitFileType = undefined; fileEncoding = 9; includeInIndex = 0; lastKnownFileType = unknown; name = filterIcon.svg; path = ../app/assets/serviceIcons/filterIcon.svg; sourceTree = "<group>"; };
		63FFAE92F72D45199B00C4C9 /* comingSoon.svg */ = {isa = PBXFileReference; explicitFileType = undefined; fileEncoding = 9; includeInIndex = 0; lastKnownFileType = unknown; name = comingSoon.svg; path = ../app/assets/comingSoon.svg; sourceTree = "<group>"; };
		661322975DBC4FD79F167696 /* iconNotifColor.svg */ = {isa = PBXFileReference; explicitFileType = undefined; fileEncoding = 9; includeInIndex = 0; lastKnownFileType = unknown; name = iconNotifColor.svg; path = ../app/assets/bottomIcons/iconNotifColor.svg; sourceTree = "<group>"; };
		69F47629506D4DE79B90DAF6 /* searchIcon.svg */ = {isa = PBXFileReference; explicitFileType = undefined; fileEncoding = 9; includeInIndex = 0; lastKnownFileType = unknown; name = searchIcon.svg; path = ../app/assets/serviceIcons/searchIcon.svg; sourceTree = "<group>"; };
		70FA68CD19454DFA8B6CEF28 /* emptyIcon.svg */ = {isa = PBXFileReference; explicitFileType = undefined; fileEncoding = 9; includeInIndex = 0; lastKnownFileType = unknown; name = emptyIcon.svg; path = ../app/assets/emptyIcon.svg; sourceTree = "<group>"; };
		7878B2C106D04A82991DCFCA /* settingsIcon.svg */ = {isa = PBXFileReference; explicitFileType = undefined; fileEncoding = 9; includeInIndex = 0; lastKnownFileType = unknown; name = settingsIcon.svg; path = ../app/assets/serviceIcons/settingsIcon.svg; sourceTree = "<group>"; };
		7CD51F5F04F444C7A276F02E /* Poppins-Bold.ttf */ = {isa = PBXFileReference; explicitFileType = undefined; fileEncoding = 9; includeInIndex = 0; lastKnownFileType = unknown; name = "Poppins-Bold.ttf"; path = "../app/assets/fonts/Poppins-Bold.ttf"; sourceTree = "<group>"; };
		828840F918B2469C87431A84 /* 006.jpg */ = {isa = PBXFileReference; explicitFileType = undefined; fileEncoding = 9; includeInIndex = 0; lastKnownFileType = unknown; name = 006.jpg; path = ../app/assets/onboarding/006.jpg; sourceTree = "<group>"; };
		87D364088E5E42FB9BAFD2A3 /* iconEllipse.svg */ = {isa = PBXFileReference; explicitFileType = undefined; fileEncoding = 9; includeInIndex = 0; lastKnownFileType = unknown; name = iconEllipse.svg; path = ../app/assets/categoriesIcons/iconEllipse.svg; sourceTree = "<group>"; };
		8924232D8CA44590B8228952 /* 003.jpg */ = {isa = PBXFileReference; explicitFileType = undefined; fileEncoding = 9; includeInIndex = 0; lastKnownFileType = unknown; name = 003.jpg; path = ../app/assets/onboarding/003.jpg; sourceTree = "<group>"; };
		9FF42E0C209645CEA3BE5C21 /* iconCalendarColor.svg */ = {isa = PBXFileReference; explicitFileType = undefined; fileEncoding = 9; includeInIndex = 0; lastKnownFileType = unknown; name = iconCalendarColor.svg; path = ../app/assets/bottomIcons/iconCalendarColor.svg; sourceTree = "<group>"; };
		A9FC82E311990CEB312B0537 /* Pods-goExploreApp.debug.xcconfig */ = {isa = PBXFileReference; includeInIndex = 1; lastKnownFileType = text.xcconfig; name = "Pods-goExploreApp.debug.xcconfig"; path = "Target Support Files/Pods-goExploreApp/Pods-goExploreApp.debug.xcconfig"; sourceTree = "<group>"; };
		AE49FFBD356347698D573BE5 /* 002.jpg */ = {isa = PBXFileReference; explicitFileType = undefined; fileEncoding = 9; includeInIndex = 0; lastKnownFileType = unknown; name = 002.jpg; path = ../app/assets/onboarding/002.jpg; sourceTree = "<group>"; };
		AEEF5B00B1F6435FB347C644 /* iconAttractions.svg */ = {isa = PBXFileReference; explicitFileType = undefined; fileEncoding = 9; includeInIndex = 0; lastKnownFileType = unknown; name = iconAttractions.svg; path = ../app/assets/categoriesIcons/iconAttractions.svg; sourceTree = "<group>"; };
		B0C6D52D6E5845D7BB92CEBB /* starFull.svg */ = {isa = PBXFileReference; explicitFileType = undefined; fileEncoding = 9; includeInIndex = 0; lastKnownFileType = unknown; name = starFull.svg; path = ../app/assets/rating/starFull.svg; sourceTree = "<group>"; };
		B173E46D1E06994996000791 /* Pods-goExploreAppTests.debug.xcconfig */ = {isa = PBXFileReference; includeInIndex = 1; lastKnownFileType = text.xcconfig; name = "Pods-goExploreAppTests.debug.xcconfig"; path = "Target Support Files/Pods-goExploreAppTests/Pods-goExploreAppTests.debug.xcconfig"; sourceTree = "<group>"; };
		B40B33FF115A401D8C5162DD /* iconBookmarkGray.svg */ = {isa = PBXFileReference; explicitFileType = undefined; fileEncoding = 9; includeInIndex = 0; lastKnownFileType = unknown; name = iconBookmarkGray.svg; path = ../app/assets/bottomIcons/iconBookmarkGray.svg; sourceTree = "<group>"; };
		B41A44FA25FEDBF948D364E2 /* libPods-goExploreApp-tvOSTests.a */ = {isa = PBXFileReference; explicitFileType = archive.ar; includeInIndex = 0; path = "libPods-goExploreApp-tvOSTests.a"; sourceTree = BUILT_PRODUCTS_DIR; };
		B455CB0B8BB44A8F8A59D302 /* iconTravel.svg */ = {isa = PBXFileReference; explicitFileType = undefined; fileEncoding = 9; includeInIndex = 0; lastKnownFileType = unknown; name = iconTravel.svg; path = ../app/assets/categoriesIcons/iconTravel.svg; sourceTree = "<group>"; };
		B49B32B0C943492894595322 /* starEmpty.svg */ = {isa = PBXFileReference; explicitFileType = undefined; fileEncoding = 9; includeInIndex = 0; lastKnownFileType = unknown; name = starEmpty.svg; path = ../app/assets/rating/starEmpty.svg; sourceTree = "<group>"; };
		B750BFB8ADC24AB7A57859E5 /* iconMainGray.svg */ = {isa = PBXFileReference; explicitFileType = undefined; fileEncoding = 9; includeInIndex = 0; lastKnownFileType = unknown; name = iconMainGray.svg; path = ../app/assets/bottomIcons/iconMainGray.svg; sourceTree = "<group>"; };
		B79C1BB1DE564C738BD3D7CF /* closeIcon.svg */ = {isa = PBXFileReference; explicitFileType = undefined; fileEncoding = 9; includeInIndex = 0; lastKnownFileType = unknown; name = closeIcon.svg; path = ../app/assets/serviceIcons/closeIcon.svg; sourceTree = "<group>"; };
		B85A5503CA494588AB3AA5CA /* iconCinema.svg */ = {isa = PBXFileReference; explicitFileType = undefined; fileEncoding = 9; includeInIndex = 0; lastKnownFileType = unknown; name = iconCinema.svg; path = ../app/assets/categoriesIcons/iconCinema.svg; sourceTree = "<group>"; };
		B9EAF8E674874B5A913020EA /* tabIndicator.svg */ = {isa = PBXFileReference; explicitFileType = undefined; fileEncoding = 9; includeInIndex = 0; lastKnownFileType = unknown; name = tabIndicator.svg; path = ../app/assets/serviceIcons/tabIndicator.svg; sourceTree = "<group>"; };
		C84E771FD03D4E4F9997BF81 /* dropdownArrow.svg */ = {isa = PBXFileReference; explicitFileType = undefined; fileEncoding = 9; includeInIndex = 0; lastKnownFileType = unknown; name = dropdownArrow.svg; path = ../app/assets/serviceIcons/dropdownArrow.svg; sourceTree = "<group>"; };
		CD162AD62B5348A5AB49C634 /* iconHealth.svg */ = {isa = PBXFileReference; explicitFileType = undefined; fileEncoding = 9; includeInIndex = 0; lastKnownFileType = unknown; name = iconHealth.svg; path = ../app/assets/categoriesIcons/iconHealth.svg; sourceTree = "<group>"; };
		CD2895FC153964CDC47D779B /* Pods-goExploreAppTests.release.xcconfig */ = {isa = PBXFileReference; includeInIndex = 1; lastKnownFileType = text.xcconfig; name = "Pods-goExploreAppTests.release.xcconfig"; path = "Target Support Files/Pods-goExploreAppTests/Pods-goExploreAppTests.release.xcconfig"; sourceTree = "<group>"; };
		D0D1752D69BC4F3DAABF7EDF /* iconHotPicks.svg */ = {isa = PBXFileReference; explicitFileType = undefined; fileEncoding = 9; includeInIndex = 0; lastKnownFileType = unknown; name = iconHotPicks.svg; path = ../app/assets/categoriesIcons/iconHotPicks.svg; sourceTree = "<group>"; };
		D48B56015D6D49B3A5CE4507 /* 005.jpg */ = {isa = PBXFileReference; explicitFileType = undefined; fileEncoding = 9; includeInIndex = 0; lastKnownFileType = unknown; name = 005.jpg; path = ../app/assets/onboarding/005.jpg; sourceTree = "<group>"; };
		D856E892979E439FB6C6E603 /* logoGoogle.svg */ = {isa = PBXFileReference; explicitFileType = undefined; fileEncoding = 9; includeInIndex = 0; lastKnownFileType = unknown; name = logoGoogle.svg; path = ../app/assets/logoGoogle.svg; sourceTree = "<group>"; };
		D923AF60CD604D50B9F25598 /* iconCalendarGray.svg */ = {isa = PBXFileReference; explicitFileType = undefined; fileEncoding = 9; includeInIndex = 0; lastKnownFileType = unknown; name = iconCalendarGray.svg; path = ../app/assets/bottomIcons/iconCalendarGray.svg; sourceTree = "<group>"; };
		E884B3F0C42642639BAC44F6 /* iconArGray.svg */ = {isa = PBXFileReference; explicitFileType = undefined; fileEncoding = 9; includeInIndex = 0; lastKnownFileType = unknown; name = iconArGray.svg; path = ../app/assets/bottomIcons/iconArGray.svg; sourceTree = "<group>"; };
		E979B54E01134AC6BF1BC6EA /* waves.svg */ = {isa = PBXFileReference; explicitFileType = undefined; fileEncoding = 9; includeInIndex = 0; lastKnownFileType = unknown; name = waves.svg; path = ../app/assets/waves.svg; sourceTree = "<group>"; };
		EB81DD49B08D442B8DF861C2 /* 004.jpg */ = {isa = PBXFileReference; explicitFileType = undefined; fileEncoding = 9; includeInIndex = 0; lastKnownFileType = unknown; name = 004.jpg; path = ../app/assets/onboarding/004.jpg; sourceTree = "<group>"; };
		EBA55B16EA3045BDA20AA543 /* Navigation.ttf */ = {isa = PBXFileReference; explicitFileType = undefined; fileEncoding = 9; includeInIndex = 0; lastKnownFileType = unknown; name = Navigation.ttf; path = "../node_modules/react-native-maps-navigation/assets/fonts/Navigation.ttf"; sourceTree = "<group>"; };
		EC12256F537C47CDA1AA76DB /* backIconDrawer.svg */ = {isa = PBXFileReference; explicitFileType = undefined; fileEncoding = 9; includeInIndex = 0; lastKnownFileType = unknown; name = backIconDrawer.svg; path = ../app/assets/serviceIcons/backIconDrawer.svg; sourceTree = "<group>"; };
		ED297162215061F000B7C4FE /* JavaScriptCore.framework */ = {isa = PBXFileReference; lastKnownFileType = wrapper.framework; name = JavaScriptCore.framework; path = System/Library/Frameworks/JavaScriptCore.framework; sourceTree = SDKROOT; };
		ED2971642150620600B7C4FE /* JavaScriptCore.framework */ = {isa = PBXFileReference; lastKnownFileType = wrapper.framework; name = JavaScriptCore.framework; path = Platforms/AppleTVOS.platform/Developer/SDKs/AppleTVOS12.0.sdk/System/Library/Frameworks/JavaScriptCore.framework; sourceTree = DEVELOPER_DIR; };
		EEEF9D5523D24E04BE42874A /* navigateIcon.svg */ = {isa = PBXFileReference; explicitFileType = undefined; fileEncoding = 9; includeInIndex = 0; lastKnownFileType = unknown; name = navigateIcon.svg; path = ../app/assets/serviceIcons/navigateIcon.svg; sourceTree = "<group>"; };
		EF9E568EAA5D4534916439BB /* iconShopping.svg */ = {isa = PBXFileReference; explicitFileType = undefined; fileEncoding = 9; includeInIndex = 0; lastKnownFileType = unknown; name = iconShopping.svg; path = ../app/assets/categoriesIcons/iconShopping.svg; sourceTree = "<group>"; };
		F2CFB8937BF307252304F940 /* Pods-goExploreApp-tvOSTests.release.xcconfig */ = {isa = PBXFileReference; includeInIndex = 1; lastKnownFileType = text.xcconfig; name = "Pods-goExploreApp-tvOSTests.release.xcconfig"; path = "Target Support Files/Pods-goExploreApp-tvOSTests/Pods-goExploreApp-tvOSTests.release.xcconfig"; sourceTree = "<group>"; };
		F3A7FCD731B347CA8D5E5F73 /* menuIcon.svg */ = {isa = PBXFileReference; explicitFileType = undefined; fileEncoding = 9; includeInIndex = 0; lastKnownFileType = unknown; name = menuIcon.svg; path = ../app/assets/serviceIcons/menuIcon.svg; sourceTree = "<group>"; };
		F59C9B38A3207673A0CED3C3 /* Pods-goExploreApp-tvOS.debug.xcconfig */ = {isa = PBXFileReference; includeInIndex = 1; lastKnownFileType = text.xcconfig; name = "Pods-goExploreApp-tvOS.debug.xcconfig"; path = "Target Support Files/Pods-goExploreApp-tvOS/Pods-goExploreApp-tvOS.debug.xcconfig"; sourceTree = "<group>"; };
		F6154F96A7774C7780B632BE /* iconArColor.svg */ = {isa = PBXFileReference; explicitFileType = undefined; fileEncoding = 9; includeInIndex = 0; lastKnownFileType = unknown; name = iconArColor.svg; path = ../app/assets/bottomIcons/iconArColor.svg; sourceTree = "<group>"; };
		FF14D44F0A4C4F6EAB80CC84 /* iconBookmarkColor.svg */ = {isa = PBXFileReference; explicitFileType = undefined; fileEncoding = 9; includeInIndex = 0; lastKnownFileType = unknown; name = iconBookmarkColor.svg; path = ../app/assets/bottomIcons/iconBookmarkColor.svg; sourceTree = "<group>"; };
/* End PBXFileReference section */

/* Begin PBXFrameworksBuildPhase section */
		00E356EB1AD99517003FC87E /* Frameworks */ = {
			isa = PBXFrameworksBuildPhase;
			buildActionMask = 2147483647;
			files = (
				073ACBD73A2B9D7CF5B2386F /* libPods-goExploreAppTests.a in Frameworks */,
			);
			runOnlyForDeploymentPostprocessing = 0;
		};
		13B07F8C1A680F5B00A75B9A /* Frameworks */ = {
			isa = PBXFrameworksBuildPhase;
			buildActionMask = 2147483647;
			files = (
				5BF2FD6F2333C0E3008861A6 /* libRNSimpleCompass.a in Frameworks */,
				89EB4F07DDB13A8BC6DF6913 /* libPods-goExploreApp.a in Frameworks */,
			);
			runOnlyForDeploymentPostprocessing = 0;
		};
		2D02E4781E0B4A5D006451C7 /* Frameworks */ = {
			isa = PBXFrameworksBuildPhase;
			buildActionMask = 2147483647;
			files = (
				5314A1C275790064C9604C15 /* libPods-goExploreApp-tvOS.a in Frameworks */,
			);
			runOnlyForDeploymentPostprocessing = 0;
		};
		2D02E48D1E0B4A5D006451C7 /* Frameworks */ = {
			isa = PBXFrameworksBuildPhase;
			buildActionMask = 2147483647;
			files = (
				70B1B349C3CA494F49AFB5C2 /* libPods-goExploreApp-tvOSTests.a in Frameworks */,
			);
			runOnlyForDeploymentPostprocessing = 0;
		};
/* End PBXFrameworksBuildPhase section */

/* Begin PBXGroup section */
		00E356EF1AD99517003FC87E /* goExploreAppTests */ = {
			isa = PBXGroup;
			children = (
				00E356F21AD99517003FC87E /* goExploreAppTests.m */,
				00E356F01AD99517003FC87E /* Supporting Files */,
			);
			path = goExploreAppTests;
			sourceTree = "<group>";
		};
		00E356F01AD99517003FC87E /* Supporting Files */ = {
			isa = PBXGroup;
			children = (
				00E356F11AD99517003FC87E /* Info.plist */,
			);
			name = "Supporting Files";
			sourceTree = "<group>";
		};
		13B07FAE1A68108700A75B9A /* goExploreApp */ = {
			isa = PBXGroup;
			children = (
				008F07F21AC5B25A0029DE68 /* main.jsbundle */,
				13B07FAF1A68108700A75B9A /* AppDelegate.h */,
				13B07FB01A68108700A75B9A /* AppDelegate.m */,
				13B07FB51A68108700A75B9A /* Images.xcassets */,
				13B07FB61A68108700A75B9A /* Info.plist */,
				13B07FB11A68108700A75B9A /* LaunchScreen.xib */,
				13B07FB71A68108700A75B9A /* main.m */,
			);
			name = goExploreApp;
			sourceTree = "<group>";
		};
		2D16E6871FA4F8E400B85C8A /* Frameworks */ = {
			isa = PBXGroup;
			children = (
				5BF2FD242333B7DA008861A6 /* React.xcodeproj */,
				0826B802230DB6C9003C5327 /* libReact-Core.a */,
				ED297162215061F000B7C4FE /* JavaScriptCore.framework */,
				ED2971642150620600B7C4FE /* JavaScriptCore.framework */,
				39CBB2BD7DB340A687E6F9D3 /* libPods-goExploreApp.a */,
				00A041AD7EFBBE682EF9137B /* libPods-goExploreApp-tvOS.a */,
				B41A44FA25FEDBF948D364E2 /* libPods-goExploreApp-tvOSTests.a */,
				0DD8F8023559E29FAAFB21C6 /* libPods-goExploreAppTests.a */,
			);
			name = Frameworks;
			sourceTree = "<group>";
		};
		5BF2FD1E2333B707008861A6 /* Recovered References */ = {
			isa = PBXGroup;
			children = (
				536466685E68410783615A2E /* libRNSimpleCompass.a */,
			);
			name = "Recovered References";
			sourceTree = "<group>";
		};
		5BF2FD1F2333B707008861A6 /* Products */ = {
			isa = PBXGroup;
			children = (
				5BF2FD232333B707008861A6 /* libRNSimpleCompass.a */,
			);
			name = Products;
			sourceTree = "<group>";
		};
		5BF2FD252333B7DA008861A6 /* Products */ = {
			isa = PBXGroup;
			children = (
				5BF2FD382333B7DB008861A6 /* libReact.a */,
				5BF2FD3A2333B7DB008861A6 /* libReact.a */,
				5BF2FD3C2333B7DB008861A6 /* libyoga.a */,
				5BF2FD3E2333B7DB008861A6 /* libyoga.a */,
				5BF2FD402333B7DB008861A6 /* libcxxreact.a */,
				5BF2FD422333B7DB008861A6 /* libcxxreact.a */,
				5BF2FD442333B7DB008861A6 /* libjsinspector.a */,
				5BF2FD462333B7DB008861A6 /* libjsinspector-tvOS.a */,
				5BF2FD482333B7DB008861A6 /* libthird-party.a */,
				5BF2FD4A2333B7DB008861A6 /* libthird-party.a */,
				5BF2FD4C2333B7DB008861A6 /* libdouble-conversion.a */,
				5BF2FD4E2333B7DB008861A6 /* libdouble-conversion.a */,
				5BF2FD502333B7DB008861A6 /* libjsi.a */,
				5BF2FD522333B7DB008861A6 /* libjsiexecutor.a */,
				5BF2FD542333B7DB008861A6 /* libjsi-tvOS.a */,
				5BF2FD562333B7DB008861A6 /* libjsiexecutor-tvOS.a */,
			);
			name = Products;
			sourceTree = "<group>";
		};
		832341AE1AAA6A7D00B99B32 /* Libraries */ = {
			isa = PBXGroup;
			children = (
				4C5F4AB19456479A8EB3F817 /* RNSimpleCompass.xcodeproj */,
			);
			name = Libraries;
			sourceTree = "<group>";
		};
		83CBB9F61A601CBA00E9B192 = {
			isa = PBXGroup;
			children = (
				13B07FAE1A68108700A75B9A /* goExploreApp */,
				832341AE1AAA6A7D00B99B32 /* Libraries */,
				00E356EF1AD99517003FC87E /* goExploreAppTests */,
				83CBBA001A601CBA00E9B192 /* Products */,
				2D16E6871FA4F8E400B85C8A /* Frameworks */,
				EEB8C0DDB3C70F6AB239DCB5 /* Pods */,
				BEB799E0AEF74FA0871E589B /* Resources */,
				5BF2FD1E2333B707008861A6 /* Recovered References */,
			);
			indentWidth = 2;
			sourceTree = "<group>";
			tabWidth = 2;
			usesTabs = 0;
		};
		83CBBA001A601CBA00E9B192 /* Products */ = {
			isa = PBXGroup;
			children = (
				13B07F961A680F5B00A75B9A /* GoExplore.app */,
				00E356EE1AD99517003FC87E /* goExploreAppTests.xctest */,
				2D02E47B1E0B4A5D006451C7 /* goExploreApp-tvOS.app */,
				2D02E4901E0B4A5D006451C7 /* goExploreApp-tvOSTests.xctest */,
			);
			name = Products;
			sourceTree = "<group>";
		};
		BEB799E0AEF74FA0871E589B /* Resources */ = {
			isa = PBXGroup;
			children = (
				7CD51F5F04F444C7A276F02E /* Poppins-Bold.ttf */,
				306787F588DC474E9DC2FAED /* Poppins-Regular.ttf */,
				EBA55B16EA3045BDA20AA543 /* Navigation.ttf */,
				247FEA539F7A41BBB95AAF99 /* attractionIcon.png */,
				F6154F96A7774C7780B632BE /* iconArColor.svg */,
				E884B3F0C42642639BAC44F6 /* iconArGray.svg */,
				FF14D44F0A4C4F6EAB80CC84 /* iconBookmarkColor.svg */,
				B40B33FF115A401D8C5162DD /* iconBookmarkGray.svg */,
				9FF42E0C209645CEA3BE5C21 /* iconCalendarColor.svg */,
				D923AF60CD604D50B9F25598 /* iconCalendarGray.svg */,
				637A1DD6FFCC427CA56274A1 /* iconMainColor.svg */,
				B750BFB8ADC24AB7A57859E5 /* iconMainGray.svg */,
				661322975DBC4FD79F167696 /* iconNotifColor.svg */,
				48199F44D0F84DB484D985A4 /* iconNotifGray.svg */,
				AEEF5B00B1F6435FB347C644 /* iconAttractions.svg */,
				B85A5503CA494588AB3AA5CA /* iconCinema.svg */,
				108AEC9DFB3D470183FCB2A0 /* iconClose.svg */,
				02030B62AD4A4C1CA38B1C3E /* iconDining.svg */,
				87D364088E5E42FB9BAFD2A3 /* iconEllipse.svg */,
				CD162AD62B5348A5AB49C634 /* iconHealth.svg */,
				D0D1752D69BC4F3DAABF7EDF /* iconHotPicks.svg */,
				EF9E568EAA5D4534916439BB /* iconShopping.svg */,
				B455CB0B8BB44A8F8A59D302 /* iconTravel.svg */,
				63FFAE92F72D45199B00C4C9 /* comingSoon.svg */,
				70FA68CD19454DFA8B6CEF28 /* emptyIcon.svg */,
				40A6B3C5C52D48148E298035 /* logo.svg */,
				072A62E2392D43D8B54DFAB3 /* logoFacebook.svg */,
				D856E892979E439FB6C6E603 /* logoGoogle.svg */,
				0C4575C67E6D45C9B1A2F23C /* placeholder.jpg */,
				0B74240F05EC4A96BDAF701D /* starBlack.svg */,
				B49B32B0C943492894595322 /* starEmpty.svg */,
				B0C6D52D6E5845D7BB92CEBB /* starFull.svg */,
				EC12256F537C47CDA1AA76DB /* backIconDrawer.svg */,
				4F30EB4063BC422ABAC3A01D /* backIconMain.svg */,
				B79C1BB1DE564C738BD3D7CF /* closeIcon.svg */,
				C84E771FD03D4E4F9997BF81 /* dropdownArrow.svg */,
				6384332CF0AB46929A830A2D /* filterIcon.svg */,
				F3A7FCD731B347CA8D5E5F73 /* menuIcon.svg */,
				2DB0E4D7B8E84EA9987A411E /* playIcon.svg */,
				69F47629506D4DE79B90DAF6 /* searchIcon.svg */,
				422FDC4F5ABD41328B74C09A /* separator.svg */,
				7878B2C106D04A82991DCFCA /* settingsIcon.svg */,
				B9EAF8E674874B5A913020EA /* tabIndicator.svg */,
				E979B54E01134AC6BF1BC6EA /* waves.svg */,
				EEEF9D5523D24E04BE42874A /* navigateIcon.svg */,
				2ACF33730BB54BE8B5FF5F8E /* 001.jpg */,
				AE49FFBD356347698D573BE5 /* 002.jpg */,
				8924232D8CA44590B8228952 /* 003.jpg */,
				EB81DD49B08D442B8DF861C2 /* 004.jpg */,
				D48B56015D6D49B3A5CE4507 /* 005.jpg */,
				828840F918B2469C87431A84 /* 006.jpg */,
				18DB55B44F204287AFBFD38C /* 007.jpg */,
				589E6E8538EB40DD9C593994 /* 008.jpg */,
			);
			name = Resources;
			sourceTree = "<group>";
		};
		EEB8C0DDB3C70F6AB239DCB5 /* Pods */ = {
			isa = PBXGroup;
			children = (
				A9FC82E311990CEB312B0537 /* Pods-goExploreApp.debug.xcconfig */,
				5022D9235E8F30D138473046 /* Pods-goExploreApp.release.xcconfig */,
				F59C9B38A3207673A0CED3C3 /* Pods-goExploreApp-tvOS.debug.xcconfig */,
				4236A867A099BA12BEDA4D98 /* Pods-goExploreApp-tvOS.release.xcconfig */,
				2DEBCD2E63BFF48DDCC6B33D /* Pods-goExploreApp-tvOSTests.debug.xcconfig */,
				F2CFB8937BF307252304F940 /* Pods-goExploreApp-tvOSTests.release.xcconfig */,
				B173E46D1E06994996000791 /* Pods-goExploreAppTests.debug.xcconfig */,
				CD2895FC153964CDC47D779B /* Pods-goExploreAppTests.release.xcconfig */,
			);
			path = Pods;
			sourceTree = "<group>";
		};
/* End PBXGroup section */

/* Begin PBXNativeTarget section */
		00E356ED1AD99517003FC87E /* goExploreAppTests */ = {
			isa = PBXNativeTarget;
			buildConfigurationList = 00E357021AD99517003FC87E /* Build configuration list for PBXNativeTarget "goExploreAppTests" */;
			buildPhases = (
				95D75877309885FA2638BFE8 /* [CP] Check Pods Manifest.lock */,
				00E356EA1AD99517003FC87E /* Sources */,
				00E356EB1AD99517003FC87E /* Frameworks */,
				00E356EC1AD99517003FC87E /* Resources */,
			);
			buildRules = (
			);
			dependencies = (
				00E356F51AD99517003FC87E /* PBXTargetDependency */,
			);
			name = goExploreAppTests;
			productName = goExploreAppTests;
			productReference = 00E356EE1AD99517003FC87E /* goExploreAppTests.xctest */;
			productType = "com.apple.product-type.bundle.unit-test";
		};
		13B07F861A680F5B00A75B9A /* goExploreApp */ = {
			isa = PBXNativeTarget;
			buildConfigurationList = 13B07F931A680F5B00A75B9A /* Build configuration list for PBXNativeTarget "goExploreApp" */;
			buildPhases = (
				E90C578ACE6307E60C266835 /* [CP] Check Pods Manifest.lock */,
				FD10A7F022414F080027D42C /* Start Packager */,
				13B07F871A680F5B00A75B9A /* Sources */,
				13B07F8C1A680F5B00A75B9A /* Frameworks */,
				13B07F8E1A680F5B00A75B9A /* Resources */,
				00DD1BFF1BD5951E006B06BC /* Bundle React Native code and images */,
				EDC3AFEE87DB5C06E2904C4B /* [CP] Copy Pods Resources */,
				83F78EC90A37D6E72FDDFF75 /* [CP] Embed Pods Frameworks */,
				08BA98C223759C3400088A3C /* Embed Frameworks */,
			);
			buildRules = (
			);
			dependencies = (
			);
			name = goExploreApp;
			productName = goExploreApp;
			productReference = 13B07F961A680F5B00A75B9A /* GoExplore.app */;
			productType = "com.apple.product-type.application";
		};
		2D02E47A1E0B4A5D006451C7 /* goExploreApp-tvOS */ = {
			isa = PBXNativeTarget;
			buildConfigurationList = 2D02E4BA1E0B4A5E006451C7 /* Build configuration list for PBXNativeTarget "goExploreApp-tvOS" */;
			buildPhases = (
				E90B1EB7ED1326A3D406BCC1 /* [CP] Check Pods Manifest.lock */,
				FD10A7F122414F3F0027D42C /* Start Packager */,
				2D02E4771E0B4A5D006451C7 /* Sources */,
				2D02E4781E0B4A5D006451C7 /* Frameworks */,
				2D02E4791E0B4A5D006451C7 /* Resources */,
				2D02E4CB1E0B4B27006451C7 /* Bundle React Native Code And Images */,
			);
			buildRules = (
			);
			dependencies = (
			);
			name = "goExploreApp-tvOS";
			productName = "goExploreApp-tvOS";
			productReference = 2D02E47B1E0B4A5D006451C7 /* goExploreApp-tvOS.app */;
			productType = "com.apple.product-type.application";
		};
		2D02E48F1E0B4A5D006451C7 /* goExploreApp-tvOSTests */ = {
			isa = PBXNativeTarget;
			buildConfigurationList = 2D02E4BB1E0B4A5E006451C7 /* Build configuration list for PBXNativeTarget "goExploreApp-tvOSTests" */;
			buildPhases = (
				DCC3FAEE59A885A1338A3FA4 /* [CP] Check Pods Manifest.lock */,
				2D02E48C1E0B4A5D006451C7 /* Sources */,
				2D02E48D1E0B4A5D006451C7 /* Frameworks */,
				2D02E48E1E0B4A5D006451C7 /* Resources */,
			);
			buildRules = (
			);
			dependencies = (
				2D02E4921E0B4A5D006451C7 /* PBXTargetDependency */,
			);
			name = "goExploreApp-tvOSTests";
			productName = "goExploreApp-tvOSTests";
			productReference = 2D02E4901E0B4A5D006451C7 /* goExploreApp-tvOSTests.xctest */;
			productType = "com.apple.product-type.bundle.unit-test";
		};
/* End PBXNativeTarget section */

/* Begin PBXProject section */
		83CBB9F71A601CBA00E9B192 /* Project object */ = {
			isa = PBXProject;
			attributes = {
				LastUpgradeCheck = 1030;
				ORGANIZATIONNAME = Facebook;
				TargetAttributes = {
					00E356ED1AD99517003FC87E = {
						CreatedOnToolsVersion = 6.2;
						TestTargetID = 13B07F861A680F5B00A75B9A;
					};
					2D02E47A1E0B4A5D006451C7 = {
						CreatedOnToolsVersion = 8.2.1;
						ProvisioningStyle = Automatic;
					};
					2D02E48F1E0B4A5D006451C7 = {
						CreatedOnToolsVersion = 8.2.1;
						ProvisioningStyle = Automatic;
						TestTargetID = 2D02E47A1E0B4A5D006451C7;
					};
				};
			};
			buildConfigurationList = 83CBB9FA1A601CBA00E9B192 /* Build configuration list for PBXProject "goExploreApp" */;
			compatibilityVersion = "Xcode 8.0";
			developmentRegion = en;
			hasScannedForEncodings = 0;
			knownRegions = (
				en,
				Base,
			);
			mainGroup = 83CBB9F61A601CBA00E9B192;
			productRefGroup = 83CBBA001A601CBA00E9B192 /* Products */;
			projectDirPath = "";
			projectReferences = (
				{
					ProductGroup = 5BF2FD252333B7DA008861A6 /* Products */;
					ProjectRef = 5BF2FD242333B7DA008861A6 /* React.xcodeproj */;
				},
				{
					ProductGroup = 5BF2FD1F2333B707008861A6 /* Products */;
					ProjectRef = 4C5F4AB19456479A8EB3F817 /* RNSimpleCompass.xcodeproj */;
				},
			);
			projectRoot = "";
			targets = (
				13B07F861A680F5B00A75B9A /* goExploreApp */,
				00E356ED1AD99517003FC87E /* goExploreAppTests */,
				2D02E47A1E0B4A5D006451C7 /* goExploreApp-tvOS */,
				2D02E48F1E0B4A5D006451C7 /* goExploreApp-tvOSTests */,
			);
		};
/* End PBXProject section */

/* Begin PBXReferenceProxy section */
		5BF2FD232333B707008861A6 /* libRNSimpleCompass.a */ = {
			isa = PBXReferenceProxy;
			fileType = archive.ar;
			path = libRNSimpleCompass.a;
			remoteRef = 5BF2FD222333B707008861A6 /* PBXContainerItemProxy */;
			sourceTree = BUILT_PRODUCTS_DIR;
		};
		5BF2FD382333B7DB008861A6 /* libReact.a */ = {
			isa = PBXReferenceProxy;
			fileType = archive.ar;
			path = libReact.a;
			remoteRef = 5BF2FD372333B7DB008861A6 /* PBXContainerItemProxy */;
			sourceTree = BUILT_PRODUCTS_DIR;
		};
		5BF2FD3A2333B7DB008861A6 /* libReact.a */ = {
			isa = PBXReferenceProxy;
			fileType = archive.ar;
			path = libReact.a;
			remoteRef = 5BF2FD392333B7DB008861A6 /* PBXContainerItemProxy */;
			sourceTree = BUILT_PRODUCTS_DIR;
		};
		5BF2FD3C2333B7DB008861A6 /* libyoga.a */ = {
			isa = PBXReferenceProxy;
			fileType = archive.ar;
			path = libyoga.a;
			remoteRef = 5BF2FD3B2333B7DB008861A6 /* PBXContainerItemProxy */;
			sourceTree = BUILT_PRODUCTS_DIR;
		};
		5BF2FD3E2333B7DB008861A6 /* libyoga.a */ = {
			isa = PBXReferenceProxy;
			fileType = archive.ar;
			path = libyoga.a;
			remoteRef = 5BF2FD3D2333B7DB008861A6 /* PBXContainerItemProxy */;
			sourceTree = BUILT_PRODUCTS_DIR;
		};
		5BF2FD402333B7DB008861A6 /* libcxxreact.a */ = {
			isa = PBXReferenceProxy;
			fileType = archive.ar;
			path = libcxxreact.a;
			remoteRef = 5BF2FD3F2333B7DB008861A6 /* PBXContainerItemProxy */;
			sourceTree = BUILT_PRODUCTS_DIR;
		};
		5BF2FD422333B7DB008861A6 /* libcxxreact.a */ = {
			isa = PBXReferenceProxy;
			fileType = archive.ar;
			path = libcxxreact.a;
			remoteRef = 5BF2FD412333B7DB008861A6 /* PBXContainerItemProxy */;
			sourceTree = BUILT_PRODUCTS_DIR;
		};
		5BF2FD442333B7DB008861A6 /* libjsinspector.a */ = {
			isa = PBXReferenceProxy;
			fileType = archive.ar;
			path = libjsinspector.a;
			remoteRef = 5BF2FD432333B7DB008861A6 /* PBXContainerItemProxy */;
			sourceTree = BUILT_PRODUCTS_DIR;
		};
		5BF2FD462333B7DB008861A6 /* libjsinspector-tvOS.a */ = {
			isa = PBXReferenceProxy;
			fileType = archive.ar;
			path = "libjsinspector-tvOS.a";
			remoteRef = 5BF2FD452333B7DB008861A6 /* PBXContainerItemProxy */;
			sourceTree = BUILT_PRODUCTS_DIR;
		};
		5BF2FD482333B7DB008861A6 /* libthird-party.a */ = {
			isa = PBXReferenceProxy;
			fileType = archive.ar;
			path = "libthird-party.a";
			remoteRef = 5BF2FD472333B7DB008861A6 /* PBXContainerItemProxy */;
			sourceTree = BUILT_PRODUCTS_DIR;
		};
		5BF2FD4A2333B7DB008861A6 /* libthird-party.a */ = {
			isa = PBXReferenceProxy;
			fileType = archive.ar;
			path = "libthird-party.a";
			remoteRef = 5BF2FD492333B7DB008861A6 /* PBXContainerItemProxy */;
			sourceTree = BUILT_PRODUCTS_DIR;
		};
		5BF2FD4C2333B7DB008861A6 /* libdouble-conversion.a */ = {
			isa = PBXReferenceProxy;
			fileType = archive.ar;
			path = "libdouble-conversion.a";
			remoteRef = 5BF2FD4B2333B7DB008861A6 /* PBXContainerItemProxy */;
			sourceTree = BUILT_PRODUCTS_DIR;
		};
		5BF2FD4E2333B7DB008861A6 /* libdouble-conversion.a */ = {
			isa = PBXReferenceProxy;
			fileType = archive.ar;
			path = "libdouble-conversion.a";
			remoteRef = 5BF2FD4D2333B7DB008861A6 /* PBXContainerItemProxy */;
			sourceTree = BUILT_PRODUCTS_DIR;
		};
		5BF2FD502333B7DB008861A6 /* libjsi.a */ = {
			isa = PBXReferenceProxy;
			fileType = archive.ar;
			path = libjsi.a;
			remoteRef = 5BF2FD4F2333B7DB008861A6 /* PBXContainerItemProxy */;
			sourceTree = BUILT_PRODUCTS_DIR;
		};
		5BF2FD522333B7DB008861A6 /* libjsiexecutor.a */ = {
			isa = PBXReferenceProxy;
			fileType = archive.ar;
			path = libjsiexecutor.a;
			remoteRef = 5BF2FD512333B7DB008861A6 /* PBXContainerItemProxy */;
			sourceTree = BUILT_PRODUCTS_DIR;
		};
		5BF2FD542333B7DB008861A6 /* libjsi-tvOS.a */ = {
			isa = PBXReferenceProxy;
			fileType = archive.ar;
			path = "libjsi-tvOS.a";
			remoteRef = 5BF2FD532333B7DB008861A6 /* PBXContainerItemProxy */;
			sourceTree = BUILT_PRODUCTS_DIR;
		};
		5BF2FD562333B7DB008861A6 /* libjsiexecutor-tvOS.a */ = {
			isa = PBXReferenceProxy;
			fileType = archive.ar;
			path = "libjsiexecutor-tvOS.a";
			remoteRef = 5BF2FD552333B7DB008861A6 /* PBXContainerItemProxy */;
			sourceTree = BUILT_PRODUCTS_DIR;
		};
/* End PBXReferenceProxy section */

/* Begin PBXResourcesBuildPhase section */
		00E356EC1AD99517003FC87E /* Resources */ = {
			isa = PBXResourcesBuildPhase;
			buildActionMask = 2147483647;
			files = (
			);
			runOnlyForDeploymentPostprocessing = 0;
		};
		13B07F8E1A680F5B00A75B9A /* Resources */ = {
			isa = PBXResourcesBuildPhase;
			buildActionMask = 2147483647;
			files = (
				13B07FBF1A68108700A75B9A /* Images.xcassets in Resources */,
				13B07FBD1A68108700A75B9A /* LaunchScreen.xib in Resources */,
				111D36ACE19F49228BBE2A8A /* Poppins-Bold.ttf in Resources */,
				E8984F5E83FD4A5C903032B2 /* Poppins-Regular.ttf in Resources */,
				135CC9724BF24604A3CB2829 /* Navigation.ttf in Resources */,
				4742A06FEBE6497BB0DF411A /* attractionIcon.png in Resources */,
				11BA56E01EEA4C06B6C83CE8 /* iconArColor.svg in Resources */,
				5298B6AD98A84852999D0861 /* iconArGray.svg in Resources */,
				179A12C2F1CB48A39ABDC9B6 /* iconBookmarkColor.svg in Resources */,
				041C53F6B115483B903A172A /* iconBookmarkGray.svg in Resources */,
				06E0CD33AAA7405CB2404232 /* iconCalendarColor.svg in Resources */,
				9529467AA5A844599BF33419 /* iconCalendarGray.svg in Resources */,
				E40079545E264C0BB1E8BC4E /* iconMainColor.svg in Resources */,
				65B0F9B1825A403CA9414550 /* iconMainGray.svg in Resources */,
				BC5EF5FBA2A94F2CB912B8AF /* iconNotifColor.svg in Resources */,
				FE40282D33BC4F069F4483BD /* iconNotifGray.svg in Resources */,
				2FF6910475BF43BEA285816A /* iconAttractions.svg in Resources */,
				FAC0D91D661246B49E7B2240 /* iconCinema.svg in Resources */,
				AA29D51500774ECBA0C6C380 /* iconClose.svg in Resources */,
				914608CABD864F16B67F37E9 /* iconDining.svg in Resources */,
				00D9F810F3D34B19947B9A1B /* iconEllipse.svg in Resources */,
				D40C5139B9444698A82A56EF /* iconHealth.svg in Resources */,
				A8C48388016A44A0BD8373D0 /* iconHotPicks.svg in Resources */,
				B66ED8BD526342E4B9A871D6 /* iconShopping.svg in Resources */,
				05EAC74EB7D94A53B81F74D8 /* iconTravel.svg in Resources */,
				A8C9D46DDD604DB1A497060E /* comingSoon.svg in Resources */,
				4CF7BCA833EA42A8B24B5E75 /* emptyIcon.svg in Resources */,
				3E279C6A5BEA4F098E4D4F29 /* logo.svg in Resources */,
				71CF99823CE445E6BCBE4438 /* logoFacebook.svg in Resources */,
				FF59D8526658422D91B27A09 /* logoGoogle.svg in Resources */,
				BC0E7468967C4C2CBFA57B3A /* placeholder.jpg in Resources */,
				144F2DAC03A343DABC181D47 /* starBlack.svg in Resources */,
				8A85041B65A646F4AAF915C6 /* starEmpty.svg in Resources */,
				17607545B1FB489681E78D99 /* starFull.svg in Resources */,
				CFCA576ED2894974B3ADF310 /* backIconDrawer.svg in Resources */,
				517F2168ECEB442BBFA8C424 /* backIconMain.svg in Resources */,
				FAA5A5B39E5D41E58098061C /* closeIcon.svg in Resources */,
				723F716EA21A4EB5ADDFD59A /* dropdownArrow.svg in Resources */,
				C986007070E741B9AF7A7ECC /* filterIcon.svg in Resources */,
				F3D29C58F1A54113BEFC0FAF /* menuIcon.svg in Resources */,
				396F8BCA618E47F9B2F47EB4 /* playIcon.svg in Resources */,
				64F2F32CA189447185156A94 /* searchIcon.svg in Resources */,
				0A8F5F79D05D4971B0E5694F /* separator.svg in Resources */,
				E610D498F9BA4451875FEC7B /* settingsIcon.svg in Resources */,
				734319C7A9A04709BDE3C7A2 /* tabIndicator.svg in Resources */,
				F5AD70A6CBB74CC3A2609F0A /* waves.svg in Resources */,
				741801B89FB347B0AB01CD59 /* navigateIcon.svg in Resources */,
				B3E3AA536160455CB4EA4AEB /* 001.jpg in Resources */,
				23E6061C49824967A780CEEF /* 002.jpg in Resources */,
				596D78EE9F014E908C39C5FE /* 003.jpg in Resources */,
				FFE3FE00758448A2B225CF43 /* 004.jpg in Resources */,
				503AAF51FDE24BBAA1BE0E15 /* 005.jpg in Resources */,
				808C6146B5A442C59DAD23F9 /* 006.jpg in Resources */,
				ECB5B445B8344A258925D233 /* 007.jpg in Resources */,
				6B0A7F4949CB4606A8673C37 /* 008.jpg in Resources */,
			);
			runOnlyForDeploymentPostprocessing = 0;
		};
		2D02E4791E0B4A5D006451C7 /* Resources */ = {
			isa = PBXResourcesBuildPhase;
			buildActionMask = 2147483647;
			files = (
				2D02E4BD1E0B4A84006451C7 /* Images.xcassets in Resources */,
			);
			runOnlyForDeploymentPostprocessing = 0;
		};
		2D02E48E1E0B4A5D006451C7 /* Resources */ = {
			isa = PBXResourcesBuildPhase;
			buildActionMask = 2147483647;
			files = (
			);
			runOnlyForDeploymentPostprocessing = 0;
		};
/* End PBXResourcesBuildPhase section */

/* Begin PBXShellScriptBuildPhase section */
		00DD1BFF1BD5951E006B06BC /* Bundle React Native code and images */ = {
			isa = PBXShellScriptBuildPhase;
			buildActionMask = 8;
			files = (
			);
			inputPaths = (
			);
			name = "Bundle React Native code and images";
			outputPaths = (
			);
			runOnlyForDeploymentPostprocessing = 1;
			shellPath = /bin/sh;
			shellScript = "export NODE_BINARY=node\n../node_modules/react-native/scripts/react-native-xcode.sh\n";
		};
		2D02E4CB1E0B4B27006451C7 /* Bundle React Native Code And Images */ = {
			isa = PBXShellScriptBuildPhase;
			buildActionMask = 2147483647;
			files = (
			);
			inputPaths = (
			);
			name = "Bundle React Native Code And Images";
			outputPaths = (
			);
			runOnlyForDeploymentPostprocessing = 0;
			shellPath = /bin/sh;
			shellScript = "export NODE_BINARY=node\n../node_modules/react-native/scripts/react-native-xcode.sh";
		};
		83F78EC90A37D6E72FDDFF75 /* [CP] Embed Pods Frameworks */ = {
			isa = PBXShellScriptBuildPhase;
			buildActionMask = 2147483647;
			files = (
			);
			inputPaths = (
				"${PODS_ROOT}/Target Support Files/Pods-goExploreApp/Pods-goExploreApp-frameworks.sh",
				"${PODS_ROOT}/../../node_modules/react-viro/ios/dist/ViroRenderer/static_lib/ViroKit_static_lib.framework",
			);
			name = "[CP] Embed Pods Frameworks";
			outputPaths = (
				"${TARGET_BUILD_DIR}/${FRAMEWORKS_FOLDER_PATH}/ViroKit_static_lib.framework",
			);
			runOnlyForDeploymentPostprocessing = 0;
			shellPath = /bin/sh;
			shellScript = "\"${PODS_ROOT}/Target Support Files/Pods-goExploreApp/Pods-goExploreApp-frameworks.sh\"\n";
			showEnvVarsInLog = 0;
		};
		95D75877309885FA2638BFE8 /* [CP] Check Pods Manifest.lock */ = {
			isa = PBXShellScriptBuildPhase;
			buildActionMask = 2147483647;
			files = (
			);
			inputFileListPaths = (
			);
			inputPaths = (
				"${PODS_PODFILE_DIR_PATH}/Podfile.lock",
				"${PODS_ROOT}/Manifest.lock",
			);
			name = "[CP] Check Pods Manifest.lock";
			outputFileListPaths = (
			);
			outputPaths = (
				"$(DERIVED_FILE_DIR)/Pods-goExploreAppTests-checkManifestLockResult.txt",
			);
			runOnlyForDeploymentPostprocessing = 0;
			shellPath = /bin/sh;
			shellScript = "diff \"${PODS_PODFILE_DIR_PATH}/Podfile.lock\" \"${PODS_ROOT}/Manifest.lock\" > /dev/null\nif [ $? != 0 ] ; then\n    # print error to STDERR\n    echo \"error: The sandbox is not in sync with the Podfile.lock. Run 'pod install' or update your CocoaPods installation.\" >&2\n    exit 1\nfi\n# This output is used by Xcode 'outputs' to avoid re-running this script phase.\necho \"SUCCESS\" > \"${SCRIPT_OUTPUT_FILE_0}\"\n";
			showEnvVarsInLog = 0;
		};
		DCC3FAEE59A885A1338A3FA4 /* [CP] Check Pods Manifest.lock */ = {
			isa = PBXShellScriptBuildPhase;
			buildActionMask = 2147483647;
			files = (
			);
			inputFileListPaths = (
			);
			inputPaths = (
				"${PODS_PODFILE_DIR_PATH}/Podfile.lock",
				"${PODS_ROOT}/Manifest.lock",
			);
			name = "[CP] Check Pods Manifest.lock";
			outputFileListPaths = (
			);
			outputPaths = (
				"$(DERIVED_FILE_DIR)/Pods-goExploreApp-tvOSTests-checkManifestLockResult.txt",
			);
			runOnlyForDeploymentPostprocessing = 0;
			shellPath = /bin/sh;
			shellScript = "diff \"${PODS_PODFILE_DIR_PATH}/Podfile.lock\" \"${PODS_ROOT}/Manifest.lock\" > /dev/null\nif [ $? != 0 ] ; then\n    # print error to STDERR\n    echo \"error: The sandbox is not in sync with the Podfile.lock. Run 'pod install' or update your CocoaPods installation.\" >&2\n    exit 1\nfi\n# This output is used by Xcode 'outputs' to avoid re-running this script phase.\necho \"SUCCESS\" > \"${SCRIPT_OUTPUT_FILE_0}\"\n";
			showEnvVarsInLog = 0;
		};
		E90B1EB7ED1326A3D406BCC1 /* [CP] Check Pods Manifest.lock */ = {
			isa = PBXShellScriptBuildPhase;
			buildActionMask = 2147483647;
			files = (
			);
			inputFileListPaths = (
			);
			inputPaths = (
				"${PODS_PODFILE_DIR_PATH}/Podfile.lock",
				"${PODS_ROOT}/Manifest.lock",
			);
			name = "[CP] Check Pods Manifest.lock";
			outputFileListPaths = (
			);
			outputPaths = (
				"$(DERIVED_FILE_DIR)/Pods-goExploreApp-tvOS-checkManifestLockResult.txt",
			);
			runOnlyForDeploymentPostprocessing = 0;
			shellPath = /bin/sh;
			shellScript = "diff \"${PODS_PODFILE_DIR_PATH}/Podfile.lock\" \"${PODS_ROOT}/Manifest.lock\" > /dev/null\nif [ $? != 0 ] ; then\n    # print error to STDERR\n    echo \"error: The sandbox is not in sync with the Podfile.lock. Run 'pod install' or update your CocoaPods installation.\" >&2\n    exit 1\nfi\n# This output is used by Xcode 'outputs' to avoid re-running this script phase.\necho \"SUCCESS\" > \"${SCRIPT_OUTPUT_FILE_0}\"\n";
			showEnvVarsInLog = 0;
		};
		E90C578ACE6307E60C266835 /* [CP] Check Pods Manifest.lock */ = {
			isa = PBXShellScriptBuildPhase;
			buildActionMask = 2147483647;
			files = (
			);
			inputFileListPaths = (
			);
			inputPaths = (
				"${PODS_PODFILE_DIR_PATH}/Podfile.lock",
				"${PODS_ROOT}/Manifest.lock",
			);
			name = "[CP] Check Pods Manifest.lock";
			outputFileListPaths = (
			);
			outputPaths = (
				"$(DERIVED_FILE_DIR)/Pods-goExploreApp-checkManifestLockResult.txt",
			);
			runOnlyForDeploymentPostprocessing = 0;
			shellPath = /bin/sh;
			shellScript = "diff \"${PODS_PODFILE_DIR_PATH}/Podfile.lock\" \"${PODS_ROOT}/Manifest.lock\" > /dev/null\nif [ $? != 0 ] ; then\n    # print error to STDERR\n    echo \"error: The sandbox is not in sync with the Podfile.lock. Run 'pod install' or update your CocoaPods installation.\" >&2\n    exit 1\nfi\n# This output is used by Xcode 'outputs' to avoid re-running this script phase.\necho \"SUCCESS\" > \"${SCRIPT_OUTPUT_FILE_0}\"\n";
			showEnvVarsInLog = 0;
		};
		EDC3AFEE87DB5C06E2904C4B /* [CP] Copy Pods Resources */ = {
			isa = PBXShellScriptBuildPhase;
			buildActionMask = 2147483647;
			files = (
			);
			inputPaths = (
				"${PODS_ROOT}/Target Support Files/Pods-goExploreApp/Pods-goExploreApp-resources.sh",
				"${PODS_ROOT}/FBSDKCoreKit/FacebookSDKStrings.bundle",
				"${PODS_ROOT}/GoogleMaps/Maps/Frameworks/GoogleMaps.framework/Resources/GoogleMaps.bundle",
				"${PODS_CONFIGURATION_BUILD_DIR}/NYTPhotoViewer/NYTPhotoViewer.bundle",
				"${PODS_ROOT}/YoutubePlayer-in-WKWebView/WKYTPlayerView/WKYTPlayerView.bundle",
			);
			name = "[CP] Copy Pods Resources";
			outputPaths = (
				"${TARGET_BUILD_DIR}/${UNLOCALIZED_RESOURCES_FOLDER_PATH}/FacebookSDKStrings.bundle",
				"${TARGET_BUILD_DIR}/${UNLOCALIZED_RESOURCES_FOLDER_PATH}/GoogleMaps.bundle",
				"${TARGET_BUILD_DIR}/${UNLOCALIZED_RESOURCES_FOLDER_PATH}/NYTPhotoViewer.bundle",
				"${TARGET_BUILD_DIR}/${UNLOCALIZED_RESOURCES_FOLDER_PATH}/WKYTPlayerView.bundle",
			);
			runOnlyForDeploymentPostprocessing = 0;
			shellPath = /bin/sh;
			shellScript = "\"${PODS_ROOT}/Target Support Files/Pods-goExploreApp/Pods-goExploreApp-resources.sh\"\n";
			showEnvVarsInLog = 0;
		};
		FD10A7F022414F080027D42C /* Start Packager */ = {
			isa = PBXShellScriptBuildPhase;
			buildActionMask = 2147483647;
			files = (
			);
			inputFileListPaths = (
			);
			inputPaths = (
			);
			name = "Start Packager";
			outputFileListPaths = (
			);
			outputPaths = (
			);
			runOnlyForDeploymentPostprocessing = 0;
			shellPath = /bin/sh;
			shellScript = "export RCT_METRO_PORT=\"${RCT_METRO_PORT:=8081}\"\necho \"export RCT_METRO_PORT=${RCT_METRO_PORT}\" > \"${SRCROOT}/../node_modules/react-native/scripts/.packager.env\"\nif [ -z \"${RCT_NO_LAUNCH_PACKAGER+xxx}\" ] ; then\n  if nc -w 5 -z localhost ${RCT_METRO_PORT} ; then\n    if ! curl -s \"http://localhost:${RCT_METRO_PORT}/status\" | grep -q \"packager-status:running\" ; then\n      echo \"Port ${RCT_METRO_PORT} already in use, packager is either not running or not running correctly\"\n      exit 2\n    fi\n  else\n    open \"$SRCROOT/../node_modules/react-native/scripts/launchPackager.command\" || echo \"Can't start packager automatically\"\n  fi\nfi\n";
			showEnvVarsInLog = 0;
		};
		FD10A7F122414F3F0027D42C /* Start Packager */ = {
			isa = PBXShellScriptBuildPhase;
			buildActionMask = 2147483647;
			files = (
			);
			inputFileListPaths = (
			);
			inputPaths = (
			);
			name = "Start Packager";
			outputFileListPaths = (
			);
			outputPaths = (
			);
			runOnlyForDeploymentPostprocessing = 0;
			shellPath = /bin/sh;
			shellScript = "export RCT_METRO_PORT=\"${RCT_METRO_PORT:=8081}\"\necho \"export RCT_METRO_PORT=${RCT_METRO_PORT}\" > \"${SRCROOT}/../node_modules/react-native/scripts/.packager.env\"\nif [ -z \"${RCT_NO_LAUNCH_PACKAGER+xxx}\" ] ; then\n  if nc -w 5 -z localhost ${RCT_METRO_PORT} ; then\n    if ! curl -s \"http://localhost:${RCT_METRO_PORT}/status\" | grep -q \"packager-status:running\" ; then\n      echo \"Port ${RCT_METRO_PORT} already in use, packager is either not running or not running correctly\"\n      exit 2\n    fi\n  else\n    open \"$SRCROOT/../node_modules/react-native/scripts/launchPackager.command\" || echo \"Can't start packager automatically\"\n  fi\nfi\n";
			showEnvVarsInLog = 0;
		};
/* End PBXShellScriptBuildPhase section */

/* Begin PBXSourcesBuildPhase section */
		00E356EA1AD99517003FC87E /* Sources */ = {
			isa = PBXSourcesBuildPhase;
			buildActionMask = 2147483647;
			files = (
				00E356F31AD99517003FC87E /* goExploreAppTests.m in Sources */,
			);
			runOnlyForDeploymentPostprocessing = 0;
		};
		13B07F871A680F5B00A75B9A /* Sources */ = {
			isa = PBXSourcesBuildPhase;
			buildActionMask = 2147483647;
			files = (
				13B07FBC1A68108700A75B9A /* AppDelegate.m in Sources */,
				13B07FC11A68108700A75B9A /* main.m in Sources */,
			);
			runOnlyForDeploymentPostprocessing = 0;
		};
		2D02E4771E0B4A5D006451C7 /* Sources */ = {
			isa = PBXSourcesBuildPhase;
			buildActionMask = 2147483647;
			files = (
				2D02E4BF1E0B4AB3006451C7 /* main.m in Sources */,
				2D02E4BC1E0B4A80006451C7 /* AppDelegate.m in Sources */,
			);
			runOnlyForDeploymentPostprocessing = 0;
		};
		2D02E48C1E0B4A5D006451C7 /* Sources */ = {
			isa = PBXSourcesBuildPhase;
			buildActionMask = 2147483647;
			files = (
				2DCD954D1E0B4F2C00145EB5 /* goExploreAppTests.m in Sources */,
			);
			runOnlyForDeploymentPostprocessing = 0;
		};
/* End PBXSourcesBuildPhase section */

/* Begin PBXTargetDependency section */
		00E356F51AD99517003FC87E /* PBXTargetDependency */ = {
			isa = PBXTargetDependency;
			target = 13B07F861A680F5B00A75B9A /* goExploreApp */;
			targetProxy = 00E356F41AD99517003FC87E /* PBXContainerItemProxy */;
		};
		2D02E4921E0B4A5D006451C7 /* PBXTargetDependency */ = {
			isa = PBXTargetDependency;
			target = 2D02E47A1E0B4A5D006451C7 /* goExploreApp-tvOS */;
			targetProxy = 2D02E4911E0B4A5D006451C7 /* PBXContainerItemProxy */;
		};
/* End PBXTargetDependency section */

/* Begin PBXVariantGroup section */
		13B07FB11A68108700A75B9A /* LaunchScreen.xib */ = {
			isa = PBXVariantGroup;
			children = (
				13B07FB21A68108700A75B9A /* Base */,
			);
			name = LaunchScreen.xib;
			path = goExploreApp;
			sourceTree = "<group>";
		};
/* End PBXVariantGroup section */

/* Begin XCBuildConfiguration section */
		00E356F61AD99517003FC87E /* Debug */ = {
			isa = XCBuildConfiguration;
			baseConfigurationReference = B173E46D1E06994996000791 /* Pods-goExploreAppTests.debug.xcconfig */;
			buildSettings = {
				BUNDLE_LOADER = "$(TEST_HOST)";
				"CODE_SIGN_IDENTITY[sdk=macosx*]" = "Apple Development";
				DEVELOPMENT_TEAM = YYJ9R9AM94;
				ENABLE_BITCODE = NO;
				GCC_PREPROCESSOR_DEFINITIONS = (
					"DEBUG=1",
					"$(inherited)",
				);
				HEADER_SEARCH_PATHS = (
					"$(inherited)",
					"$(SRCROOT)/../node_modules/react-native-simple-compass/ios",
				);
				INFOPLIST_FILE = goExploreAppTests/Info.plist;
				IPHONEOS_DEPLOYMENT_TARGET = 9.0;
				LD_RUNPATH_SEARCH_PATHS = "$(inherited) @executable_path/Frameworks @loader_path/Frameworks";
				LIBRARY_SEARCH_PATHS = (
					"$(inherited)",
					"\"$(SRCROOT)/$(TARGET_NAME)\"",
				);
				OTHER_LDFLAGS = (
					"-ObjC",
					"-lc++",
					"$(inherited)",
				);
				PRODUCT_BUNDLE_IDENTIFIER = "org.reactjs.native.example.$(PRODUCT_NAME:rfc1034identifier)";
				PRODUCT_NAME = "$(TARGET_NAME)";
				TEST_HOST = "$(BUILT_PRODUCTS_DIR)/GoExplore.app/GoExplore";
			};
			name = Debug;
		};
		00E356F71AD99517003FC87E /* Release */ = {
			isa = XCBuildConfiguration;
			baseConfigurationReference = CD2895FC153964CDC47D779B /* Pods-goExploreAppTests.release.xcconfig */;
			buildSettings = {
				BUNDLE_LOADER = "$(TEST_HOST)";
				"CODE_SIGN_IDENTITY[sdk=macosx*]" = "Apple Development";
				COPY_PHASE_STRIP = NO;
				DEVELOPMENT_TEAM = YYJ9R9AM94;
				ENABLE_BITCODE = NO;
				HEADER_SEARCH_PATHS = (
					"$(inherited)",
					"$(SRCROOT)/../node_modules/react-native-simple-compass/ios",
				);
				INFOPLIST_FILE = goExploreAppTests/Info.plist;
				IPHONEOS_DEPLOYMENT_TARGET = 9.0;
				LD_RUNPATH_SEARCH_PATHS = "$(inherited) @executable_path/Frameworks @loader_path/Frameworks";
				LIBRARY_SEARCH_PATHS = (
					"$(inherited)",
					"\"$(SRCROOT)/$(TARGET_NAME)\"",
				);
				OTHER_LDFLAGS = (
					"-ObjC",
					"-lc++",
					"$(inherited)",
				);
				PRODUCT_BUNDLE_IDENTIFIER = "org.reactjs.native.example.$(PRODUCT_NAME:rfc1034identifier)";
				PRODUCT_NAME = "$(TARGET_NAME)";
				TEST_HOST = "$(BUILT_PRODUCTS_DIR)/GoExplore.app/GoExplore";
			};
			name = Release;
		};
		13B07F941A680F5B00A75B9A /* Debug */ = {
			isa = XCBuildConfiguration;
			baseConfigurationReference = A9FC82E311990CEB312B0537 /* Pods-goExploreApp.debug.xcconfig */;
			buildSettings = {
				ASSETCATALOG_COMPILER_APPICON_NAME = AppIcon;
				CURRENT_PROJECT_VERSION = 5;
				DEAD_CODE_STRIPPING = NO;
				DEVELOPMENT_TEAM = YYJ9R9AM94;
				ENABLE_BITCODE = NO;
				HEADER_SEARCH_PATHS = (
					"$(inherited)",
					"$(SRCROOT)/../node_modules/react-native-simple-compass/ios",
				);
				INFOPLIST_FILE = goExploreApp/Info.plist;
				LD_RUNPATH_SEARCH_PATHS = "$(inherited) @executable_path/Frameworks";
				OTHER_LDFLAGS = (
					"$(inherited)",
					"-ObjC",
					"-lc++",
				);
				PRODUCT_BUNDLE_IDENTIFIER = city.goexplore.mobile;
				PRODUCT_NAME = GoExplore;
				VERSIONING_SYSTEM = "apple-generic";
			};
			name = Debug;
		};
		13B07F951A680F5B00A75B9A /* Release */ = {
			isa = XCBuildConfiguration;
			baseConfigurationReference = 5022D9235E8F30D138473046 /* Pods-goExploreApp.release.xcconfig */;
			buildSettings = {
				ASSETCATALOG_COMPILER_APPICON_NAME = AppIcon;
				CURRENT_PROJECT_VERSION = 5;
				DEAD_CODE_STRIPPING = NO;
				DEVELOPMENT_TEAM = YYJ9R9AM94;
				ENABLE_BITCODE = NO;
				HEADER_SEARCH_PATHS = (
					"$(inherited)",
					"$(SRCROOT)/../node_modules/react-native-simple-compass/ios",
				);
				INFOPLIST_FILE = goExploreApp/Info.plist;
				LD_RUNPATH_SEARCH_PATHS = "$(inherited) @executable_path/Frameworks";
				OTHER_LDFLAGS = (
					"$(inherited)",
					"-ObjC",
					"-lc++",
				);
				PRODUCT_BUNDLE_IDENTIFIER = city.goexplore.mobile;
				PRODUCT_NAME = GoExplore;
				VERSIONING_SYSTEM = "apple-generic";
			};
			name = Release;
		};
		2D02E4971E0B4A5E006451C7 /* Debug */ = {
			isa = XCBuildConfiguration;
			baseConfigurationReference = F59C9B38A3207673A0CED3C3 /* Pods-goExploreApp-tvOS.debug.xcconfig */;
			buildSettings = {
				ASSETCATALOG_COMPILER_APPICON_NAME = "App Icon & Top Shelf Image";
				ASSETCATALOG_COMPILER_LAUNCHIMAGE_NAME = LaunchImage;
				CLANG_ANALYZER_NONNULL = YES;
				CLANG_WARN_DOCUMENTATION_COMMENTS = YES;
				CLANG_WARN_INFINITE_RECURSION = YES;
				CLANG_WARN_SUSPICIOUS_MOVE = YES;
				DEBUG_INFORMATION_FORMAT = dwarf;
				ENABLE_TESTABILITY = YES;
				GCC_NO_COMMON_BLOCKS = YES;
				HEADER_SEARCH_PATHS = (
					"$(inherited)",
					"$(SRCROOT)/../node_modules/react-native-simple-compass/ios",
				);
				INFOPLIST_FILE = "goExploreApp-tvOS/Info.plist";
				LD_RUNPATH_SEARCH_PATHS = "$(inherited) @executable_path/Frameworks";
				LIBRARY_SEARCH_PATHS = (
					"$(inherited)",
					"\"$(SRCROOT)/$(TARGET_NAME)\"",
				);
				OTHER_LDFLAGS = (
					"$(inherited)",
					"-ObjC",
					"-lc++",
				);
				PRODUCT_BUNDLE_IDENTIFIER = "com.facebook.REACT.goExploreApp-tvOS";
				PRODUCT_NAME = "$(TARGET_NAME)";
				SDKROOT = appletvos;
				TARGETED_DEVICE_FAMILY = 3;
				TVOS_DEPLOYMENT_TARGET = 9.2;
			};
			name = Debug;
		};
		2D02E4981E0B4A5E006451C7 /* Release */ = {
			isa = XCBuildConfiguration;
			baseConfigurationReference = 4236A867A099BA12BEDA4D98 /* Pods-goExploreApp-tvOS.release.xcconfig */;
			buildSettings = {
				ASSETCATALOG_COMPILER_APPICON_NAME = "App Icon & Top Shelf Image";
				ASSETCATALOG_COMPILER_LAUNCHIMAGE_NAME = LaunchImage;
				CLANG_ANALYZER_NONNULL = YES;
				CLANG_WARN_DOCUMENTATION_COMMENTS = YES;
				CLANG_WARN_INFINITE_RECURSION = YES;
				CLANG_WARN_SUSPICIOUS_MOVE = YES;
				COPY_PHASE_STRIP = NO;
				DEBUG_INFORMATION_FORMAT = "dwarf-with-dsym";
				GCC_NO_COMMON_BLOCKS = YES;
				HEADER_SEARCH_PATHS = (
					"$(inherited)",
					"$(SRCROOT)/../node_modules/react-native-simple-compass/ios",
				);
				INFOPLIST_FILE = "goExploreApp-tvOS/Info.plist";
				LD_RUNPATH_SEARCH_PATHS = "$(inherited) @executable_path/Frameworks";
				LIBRARY_SEARCH_PATHS = (
					"$(inherited)",
					"\"$(SRCROOT)/$(TARGET_NAME)\"",
				);
				OTHER_LDFLAGS = (
					"$(inherited)",
					"-ObjC",
					"-lc++",
				);
				PRODUCT_BUNDLE_IDENTIFIER = "com.facebook.REACT.goExploreApp-tvOS";
				PRODUCT_NAME = "$(TARGET_NAME)";
				SDKROOT = appletvos;
				TARGETED_DEVICE_FAMILY = 3;
				TVOS_DEPLOYMENT_TARGET = 9.2;
			};
			name = Release;
		};
		2D02E4991E0B4A5E006451C7 /* Debug */ = {
			isa = XCBuildConfiguration;
			baseConfigurationReference = 2DEBCD2E63BFF48DDCC6B33D /* Pods-goExploreApp-tvOSTests.debug.xcconfig */;
			buildSettings = {
				BUNDLE_LOADER = "$(TEST_HOST)";
				CLANG_ANALYZER_NONNULL = YES;
				CLANG_WARN_DOCUMENTATION_COMMENTS = YES;
				CLANG_WARN_INFINITE_RECURSION = YES;
				CLANG_WARN_SUSPICIOUS_MOVE = YES;
				DEBUG_INFORMATION_FORMAT = dwarf;
				ENABLE_TESTABILITY = YES;
				GCC_NO_COMMON_BLOCKS = YES;
				HEADER_SEARCH_PATHS = (
					"$(inherited)",
					"$(SRCROOT)/../node_modules/react-native-simple-compass/ios",
				);
				INFOPLIST_FILE = "goExploreApp-tvOSTests/Info.plist";
				LD_RUNPATH_SEARCH_PATHS = "$(inherited) @executable_path/Frameworks @loader_path/Frameworks";
				LIBRARY_SEARCH_PATHS = (
					"$(inherited)",
					"\"$(SRCROOT)/$(TARGET_NAME)\"",
				);
				OTHER_LDFLAGS = (
					"$(inherited)",
					"-ObjC",
					"-lc++",
				);
				PRODUCT_BUNDLE_IDENTIFIER = "com.facebook.REACT.goExploreApp-tvOSTests";
				PRODUCT_NAME = "$(TARGET_NAME)";
				SDKROOT = appletvos;
				TEST_HOST = "$(BUILT_PRODUCTS_DIR)/goExploreApp-tvOS.app/goExploreApp-tvOS";
				TVOS_DEPLOYMENT_TARGET = 10.1;
			};
			name = Debug;
		};
		2D02E49A1E0B4A5E006451C7 /* Release */ = {
			isa = XCBuildConfiguration;
			baseConfigurationReference = F2CFB8937BF307252304F940 /* Pods-goExploreApp-tvOSTests.release.xcconfig */;
			buildSettings = {
				BUNDLE_LOADER = "$(TEST_HOST)";
				CLANG_ANALYZER_NONNULL = YES;
				CLANG_WARN_DOCUMENTATION_COMMENTS = YES;
				CLANG_WARN_INFINITE_RECURSION = YES;
				CLANG_WARN_SUSPICIOUS_MOVE = YES;
				COPY_PHASE_STRIP = NO;
				DEBUG_INFORMATION_FORMAT = "dwarf-with-dsym";
				GCC_NO_COMMON_BLOCKS = YES;
				HEADER_SEARCH_PATHS = (
					"$(inherited)",
					"$(SRCROOT)/../node_modules/react-native-simple-compass/ios",
				);
				INFOPLIST_FILE = "goExploreApp-tvOSTests/Info.plist";
				LD_RUNPATH_SEARCH_PATHS = "$(inherited) @executable_path/Frameworks @loader_path/Frameworks";
				LIBRARY_SEARCH_PATHS = (
					"$(inherited)",
					"\"$(SRCROOT)/$(TARGET_NAME)\"",
				);
				OTHER_LDFLAGS = (
					"$(inherited)",
					"-ObjC",
					"-lc++",
				);
				PRODUCT_BUNDLE_IDENTIFIER = "com.facebook.REACT.goExploreApp-tvOSTests";
				PRODUCT_NAME = "$(TARGET_NAME)";
				SDKROOT = appletvos;
				TEST_HOST = "$(BUILT_PRODUCTS_DIR)/goExploreApp-tvOS.app/goExploreApp-tvOS";
				TVOS_DEPLOYMENT_TARGET = 10.1;
			};
			name = Release;
		};
		83CBBA201A601CBA00E9B192 /* Debug */ = {
			isa = XCBuildConfiguration;
			buildSettings = {
				ALWAYS_SEARCH_USER_PATHS = NO;
				CLANG_ANALYZER_LOCALIZABILITY_NONLOCALIZED = YES;
				CLANG_CXX_LANGUAGE_STANDARD = "gnu++0x";
				CLANG_CXX_LIBRARY = "libc++";
				CLANG_ENABLE_MODULES = YES;
				CLANG_ENABLE_OBJC_ARC = YES;
				CLANG_WARN_BLOCK_CAPTURE_AUTORELEASING = YES;
				CLANG_WARN_BOOL_CONVERSION = YES;
				CLANG_WARN_COMMA = YES;
				CLANG_WARN_CONSTANT_CONVERSION = YES;
				CLANG_WARN_DEPRECATED_OBJC_IMPLEMENTATIONS = YES;
				CLANG_WARN_DIRECT_OBJC_ISA_USAGE = YES_ERROR;
				CLANG_WARN_EMPTY_BODY = YES;
				CLANG_WARN_ENUM_CONVERSION = YES;
				CLANG_WARN_INFINITE_RECURSION = YES;
				CLANG_WARN_INT_CONVERSION = YES;
				CLANG_WARN_NON_LITERAL_NULL_CONVERSION = YES;
				CLANG_WARN_OBJC_IMPLICIT_RETAIN_SELF = YES;
				CLANG_WARN_OBJC_LITERAL_CONVERSION = YES;
				CLANG_WARN_OBJC_ROOT_CLASS = YES_ERROR;
				CLANG_WARN_RANGE_LOOP_ANALYSIS = YES;
				CLANG_WARN_STRICT_PROTOTYPES = YES;
				CLANG_WARN_SUSPICIOUS_MOVE = YES;
				CLANG_WARN_UNREACHABLE_CODE = YES;
				CLANG_WARN__DUPLICATE_METHOD_MATCH = YES;
				"CODE_SIGN_IDENTITY[sdk=iphoneos*]" = "iPhone Developer";
				COPY_PHASE_STRIP = NO;
				ENABLE_BITCODE = NO;
				ENABLE_STRICT_OBJC_MSGSEND = YES;
				ENABLE_TESTABILITY = YES;
				GCC_C_LANGUAGE_STANDARD = gnu99;
				GCC_DYNAMIC_NO_PIC = NO;
				GCC_NO_COMMON_BLOCKS = YES;
				GCC_OPTIMIZATION_LEVEL = 0;
				GCC_PREPROCESSOR_DEFINITIONS = (
					"DEBUG=1",
					"$(inherited)",
				);
				GCC_SYMBOLS_PRIVATE_EXTERN = NO;
				GCC_WARN_64_TO_32_BIT_CONVERSION = YES;
				GCC_WARN_ABOUT_RETURN_TYPE = YES_ERROR;
				GCC_WARN_UNDECLARED_SELECTOR = YES;
				GCC_WARN_UNINITIALIZED_AUTOS = YES_AGGRESSIVE;
				GCC_WARN_UNUSED_FUNCTION = YES;
				GCC_WARN_UNUSED_VARIABLE = YES;
				IPHONEOS_DEPLOYMENT_TARGET = 9.0;
				MTL_ENABLE_DEBUG_INFO = YES;
				ONLY_ACTIVE_ARCH = YES;
				"OTHER_LDFLAGS[arch=*]" = " -ObjC";
				SDKROOT = iphoneos;
			};
			name = Debug;
		};
		83CBBA211A601CBA00E9B192 /* Release */ = {
			isa = XCBuildConfiguration;
			buildSettings = {
				ALWAYS_SEARCH_USER_PATHS = NO;
				CLANG_ANALYZER_LOCALIZABILITY_NONLOCALIZED = YES;
				CLANG_CXX_LANGUAGE_STANDARD = "gnu++0x";
				CLANG_CXX_LIBRARY = "libc++";
				CLANG_ENABLE_MODULES = YES;
				CLANG_ENABLE_OBJC_ARC = YES;
				CLANG_WARN_BLOCK_CAPTURE_AUTORELEASING = YES;
				CLANG_WARN_BOOL_CONVERSION = YES;
				CLANG_WARN_COMMA = YES;
				CLANG_WARN_CONSTANT_CONVERSION = YES;
				CLANG_WARN_DEPRECATED_OBJC_IMPLEMENTATIONS = YES;
				CLANG_WARN_DIRECT_OBJC_ISA_USAGE = YES_ERROR;
				CLANG_WARN_EMPTY_BODY = YES;
				CLANG_WARN_ENUM_CONVERSION = YES;
				CLANG_WARN_INFINITE_RECURSION = YES;
				CLANG_WARN_INT_CONVERSION = YES;
				CLANG_WARN_NON_LITERAL_NULL_CONVERSION = YES;
				CLANG_WARN_OBJC_IMPLICIT_RETAIN_SELF = YES;
				CLANG_WARN_OBJC_LITERAL_CONVERSION = YES;
				CLANG_WARN_OBJC_ROOT_CLASS = YES_ERROR;
				CLANG_WARN_RANGE_LOOP_ANALYSIS = YES;
				CLANG_WARN_STRICT_PROTOTYPES = YES;
				CLANG_WARN_SUSPICIOUS_MOVE = YES;
				CLANG_WARN_UNREACHABLE_CODE = YES;
				CLANG_WARN__DUPLICATE_METHOD_MATCH = YES;
				"CODE_SIGN_IDENTITY[sdk=iphoneos*]" = "iPhone Developer";
				COPY_PHASE_STRIP = YES;
				ENABLE_BITCODE = NO;
				ENABLE_NS_ASSERTIONS = NO;
				ENABLE_STRICT_OBJC_MSGSEND = YES;
				GCC_C_LANGUAGE_STANDARD = gnu99;
				GCC_NO_COMMON_BLOCKS = YES;
				GCC_WARN_64_TO_32_BIT_CONVERSION = YES;
				GCC_WARN_ABOUT_RETURN_TYPE = YES_ERROR;
				GCC_WARN_UNDECLARED_SELECTOR = YES;
				GCC_WARN_UNINITIALIZED_AUTOS = YES_AGGRESSIVE;
				GCC_WARN_UNUSED_FUNCTION = YES;
				GCC_WARN_UNUSED_VARIABLE = YES;
				IPHONEOS_DEPLOYMENT_TARGET = 9.0;
				MTL_ENABLE_DEBUG_INFO = NO;
				"OTHER_LDFLAGS[arch=*]" = " -ObjC";
				SDKROOT = iphoneos;
				VALIDATE_PRODUCT = YES;
			};
			name = Release;
		};
/* End XCBuildConfiguration section */

/* Begin XCConfigurationList section */
		00E357021AD99517003FC87E /* Build configuration list for PBXNativeTarget "goExploreAppTests" */ = {
			isa = XCConfigurationList;
			buildConfigurations = (
				00E356F61AD99517003FC87E /* Debug */,
				00E356F71AD99517003FC87E /* Release */,
			);
			defaultConfigurationIsVisible = 0;
			defaultConfigurationName = Release;
		};
		13B07F931A680F5B00A75B9A /* Build configuration list for PBXNativeTarget "goExploreApp" */ = {
			isa = XCConfigurationList;
			buildConfigurations = (
				13B07F941A680F5B00A75B9A /* Debug */,
				13B07F951A680F5B00A75B9A /* Release */,
			);
			defaultConfigurationIsVisible = 0;
			defaultConfigurationName = Release;
		};
		2D02E4BA1E0B4A5E006451C7 /* Build configuration list for PBXNativeTarget "goExploreApp-tvOS" */ = {
			isa = XCConfigurationList;
			buildConfigurations = (
				2D02E4971E0B4A5E006451C7 /* Debug */,
				2D02E4981E0B4A5E006451C7 /* Release */,
			);
			defaultConfigurationIsVisible = 0;
			defaultConfigurationName = Release;
		};
		2D02E4BB1E0B4A5E006451C7 /* Build configuration list for PBXNativeTarget "goExploreApp-tvOSTests" */ = {
			isa = XCConfigurationList;
			buildConfigurations = (
				2D02E4991E0B4A5E006451C7 /* Debug */,
				2D02E49A1E0B4A5E006451C7 /* Release */,
			);
			defaultConfigurationIsVisible = 0;
			defaultConfigurationName = Release;
		};
		83CBB9FA1A601CBA00E9B192 /* Build configuration list for PBXProject "goExploreApp" */ = {
			isa = XCConfigurationList;
			buildConfigurations = (
				83CBBA201A601CBA00E9B192 /* Debug */,
				83CBBA211A601CBA00E9B192 /* Release */,
			);
			defaultConfigurationIsVisible = 0;
			defaultConfigurationName = Release;
		};
/* End XCConfigurationList section */
	};
	rootObject = 83CBB9F71A601CBA00E9B192 /* Project object */;
}
